// !$*UTF8*$!
{
	archiveVersion = 1;
	classes = {
	};
	objectVersion = 46;
	objects = {

/* Begin PBXBuildFile section */
		78B620621AAB2D5800335D26 /* AppDelegate.swift in Sources */ = {isa = PBXBuildFile; fileRef = 78B620611AAB2D5800335D26 /* AppDelegate.swift */; };
		78B620651AAB2D5800335D26 /* JsonTrial.xcdatamodeld in Sources */ = {isa = PBXBuildFile; fileRef = 78B620631AAB2D5800335D26 /* JsonTrial.xcdatamodeld */; };
		78B6206A1AAB2D5800335D26 /* Main.storyboard in Resources */ = {isa = PBXBuildFile; fileRef = 78B620681AAB2D5800335D26 /* Main.storyboard */; };
		78B6206C1AAB2D5800335D26 /* Images.xcassets in Resources */ = {isa = PBXBuildFile; fileRef = 78B6206B1AAB2D5800335D26 /* Images.xcassets */; };
		78B6206F1AAB2D5800335D26 /* LaunchScreen.xib in Resources */ = {isa = PBXBuildFile; fileRef = 78B6206D1AAB2D5800335D26 /* LaunchScreen.xib */; };
		78B6207B1AAB2D5800335D26 /* JsonTrialTests.swift in Sources */ = {isa = PBXBuildFile; fileRef = 78B6207A1AAB2D5800335D26 /* JsonTrialTests.swift */; };
		78B620851AAB2DE300335D26 /* ViewController.swift in Sources */ = {isa = PBXBuildFile; fileRef = 78B620841AAB2DE300335D26 /* ViewController.swift */; };
		78B620871AAB2EDA00335D26 /* WebViewController.swift in Sources */ = {isa = PBXBuildFile; fileRef = 78B620861AAB2EDA00335D26 /* WebViewController.swift */; };
/* End PBXBuildFile section */

/* Begin PBXContainerItemProxy section */
		78B620751AAB2D5800335D26 /* PBXContainerItemProxy */ = {
			isa = PBXContainerItemProxy;
			containerPortal = 78B620541AAB2D5800335D26 /* Project object */;
			proxyType = 1;
			remoteGlobalIDString = 78B6205B1AAB2D5800335D26;
			remoteInfo = JsonTrial;
		};
/* End PBXContainerItemProxy section */

/* Begin PBXFileReference section */
		78B6205C1AAB2D5800335D26 /* JsonTrial.app */ = {isa = PBXFileReference; explicitFileType = wrapper.application; includeInIndex = 0; path = JsonTrial.app; sourceTree = BUILT_PRODUCTS_DIR; };
		78B620601AAB2D5800335D26 /* Info.plist */ = {isa = PBXFileReference; lastKnownFileType = text.plist.xml; path = Info.plist; sourceTree = "<group>"; };
		78B620611AAB2D5800335D26 /* AppDelegate.swift */ = {isa = PBXFileReference; lastKnownFileType = sourcecode.swift; path = AppDelegate.swift; sourceTree = "<group>"; };
		78B620641AAB2D5800335D26 /* JsonTrial.xcdatamodel */ = {isa = PBXFileReference; lastKnownFileType = wrapper.xcdatamodel; path = JsonTrial.xcdatamodel; sourceTree = "<group>"; };
		78B620691AAB2D5800335D26 /* Base */ = {isa = PBXFileReference; lastKnownFileType = file.storyboard; name = Base; path = Base.lproj/Main.storyboard; sourceTree = "<group>"; };
		78B6206B1AAB2D5800335D26 /* Images.xcassets */ = {isa = PBXFileReference; lastKnownFileType = folder.assetcatalog; path = Images.xcassets; sourceTree = "<group>"; };
		78B6206E1AAB2D5800335D26 /* Base */ = {isa = PBXFileReference; lastKnownFileType = file.xib; name = Base; path = Base.lproj/LaunchScreen.xib; sourceTree = "<group>"; };
		78B620741AAB2D5800335D26 /* JsonTrialTests.xctest */ = {isa = PBXFileReference; explicitFileType = wrapper.cfbundle; includeInIndex = 0; path = JsonTrialTests.xctest; sourceTree = BUILT_PRODUCTS_DIR; };
		78B620791AAB2D5800335D26 /* Info.plist */ = {isa = PBXFileReference; lastKnownFileType = text.plist.xml; path = Info.plist; sourceTree = "<group>"; };
		78B6207A1AAB2D5800335D26 /* JsonTrialTests.swift */ = {isa = PBXFileReference; lastKnownFileType = sourcecode.swift; path = JsonTrialTests.swift; sourceTree = "<group>"; };
		78B620841AAB2DE300335D26 /* ViewController.swift */ = {isa = PBXFileReference; fileEncoding = 4; lastKnownFileType = sourcecode.swift; path = ViewController.swift; sourceTree = "<group>"; };
		78B620861AAB2EDA00335D26 /* WebViewController.swift */ = {isa = PBXFileReference; fileEncoding = 4; lastKnownFileType = sourcecode.swift; path = WebViewController.swift; sourceTree = "<group>"; };
/* End PBXFileReference section */

/* Begin PBXFrameworksBuildPhase section */
		78B620591AAB2D5800335D26 /* Frameworks */ = {
			isa = PBXFrameworksBuildPhase;
			buildActionMask = 2147483647;
			files = (
			);
			runOnlyForDeploymentPostprocessing = 0;
		};
		78B620711AAB2D5800335D26 /* Frameworks */ = {
			isa = PBXFrameworksBuildPhase;
			buildActionMask = 2147483647;
			files = (
			);
			runOnlyForDeploymentPostprocessing = 0;
		};
/* End PBXFrameworksBuildPhase section */

/* Begin PBXGroup section */
		78B620531AAB2D5800335D26 = {
			isa = PBXGroup;
			children = (
				78B6205E1AAB2D5800335D26 /* JsonTrial */,
				78B620771AAB2D5800335D26 /* JsonTrialTests */,
				78B6205D1AAB2D5800335D26 /* Products */,
			);
			sourceTree = "<group>";
		};
		78B6205D1AAB2D5800335D26 /* Products */ = {
			isa = PBXGroup;
			children = (
				78B6205C1AAB2D5800335D26 /* JsonTrial.app */,
				78B620741AAB2D5800335D26 /* JsonTrialTests.xctest */,
			);
			name = Products;
			sourceTree = "<group>";
		};
		78B6205E1AAB2D5800335D26 /* JsonTrial */ = {
			isa = PBXGroup;
			children = (
				78B620611AAB2D5800335D26 /* AppDelegate.swift */,
				78B620841AAB2DE300335D26 /* ViewController.swift */,
				78B620681AAB2D5800335D26 /* Main.storyboard */,
				78B620861AAB2EDA00335D26 /* WebViewController.swift */,
				78B6206B1AAB2D5800335D26 /* Images.xcassets */,
				78B6206D1AAB2D5800335D26 /* LaunchScreen.xib */,
				78B620631AAB2D5800335D26 /* JsonTrial.xcdatamodeld */,
				78B6205F1AAB2D5800335D26 /* Supporting Files */,
			);
			path = JsonTrial;
			sourceTree = "<group>";
		};
		78B6205F1AAB2D5800335D26 /* Supporting Files */ = {
			isa = PBXGroup;
			children = (
				78B620601AAB2D5800335D26 /* Info.plist */,
			);
			name = "Supporting Files";
			sourceTree = "<group>";
		};
		78B620771AAB2D5800335D26 /* JsonTrialTests */ = {
			isa = PBXGroup;
			children = (
				78B6207A1AAB2D5800335D26 /* JsonTrialTests.swift */,
				78B620781AAB2D5800335D26 /* Supporting Files */,
			);
			path = JsonTrialTests;
			sourceTree = "<group>";
		};
		78B620781AAB2D5800335D26 /* Supporting Files */ = {
			isa = PBXGroup;
			children = (
				78B620791AAB2D5800335D26 /* Info.plist */,
			);
			name = "Supporting Files";
			sourceTree = "<group>";
		};
/* End PBXGroup section */

/* Begin PBXNativeTarget section */
		78B6205B1AAB2D5800335D26 /* JsonTrial */ = {
			isa = PBXNativeTarget;
			buildConfigurationList = 78B6207E1AAB2D5800335D26 /* Build configuration list for PBXNativeTarget "JsonTrial" */;
			buildPhases = (
				78B620581AAB2D5800335D26 /* Sources */,
				78B620591AAB2D5800335D26 /* Frameworks */,
				78B6205A1AAB2D5800335D26 /* Resources */,
			);
			buildRules = (
			);
			dependencies = (
			);
			name = JsonTrial;
			productName = JsonTrial;
			productReference = 78B6205C1AAB2D5800335D26 /* JsonTrial.app */;
			productType = "com.apple.product-type.application";
		};
		78B620731AAB2D5800335D26 /* JsonTrialTests */ = {
			isa = PBXNativeTarget;
			buildConfigurationList = 78B620811AAB2D5800335D26 /* Build configuration list for PBXNativeTarget "JsonTrialTests" */;
			buildPhases = (
				78B620701AAB2D5800335D26 /* Sources */,
				78B620711AAB2D5800335D26 /* Frameworks */,
				78B620721AAB2D5800335D26 /* Resources */,
			);
			buildRules = (
			);
			dependencies = (
				78B620761AAB2D5800335D26 /* PBXTargetDependency */,
			);
			name = JsonTrialTests;
			productName = JsonTrialTests;
			productReference = 78B620741AAB2D5800335D26 /* JsonTrialTests.xctest */;
			productType = "com.apple.product-type.bundle.unit-test";
		};
/* End PBXNativeTarget section */

/* Begin PBXProject section */
		78B620541AAB2D5800335D26 /* Project object */ = {
			isa = PBXProject;
			attributes = {
				LastUpgradeCheck = 0610;
				ORGANIZATIONNAME = "Alexis Saint-Jean";
				TargetAttributes = {
					78B6205B1AAB2D5800335D26 = {
						CreatedOnToolsVersion = 6.1.1;
					};
					78B620731AAB2D5800335D26 = {
						CreatedOnToolsVersion = 6.1.1;
						TestTargetID = 78B6205B1AAB2D5800335D26;
					};
				};
			};
			buildConfigurationList = 78B620571AAB2D5800335D26 /* Build configuration list for PBXProject "JsonTrial" */;
			compatibilityVersion = "Xcode 3.2";
			developmentRegion = English;
			hasScannedForEncodings = 0;
			knownRegions = (
				en,
				Base,
			);
			mainGroup = 78B620531AAB2D5800335D26;
			productRefGroup = 78B6205D1AAB2D5800335D26 /* Products */;
			projectDirPath = "";
			projectRoot = "";
			targets = (
				78B6205B1AAB2D5800335D26 /* JsonTrial */,
				78B620731AAB2D5800335D26 /* JsonTrialTests */,
			);
		};
/* End PBXProject section */

/* Begin PBXResourcesBuildPhase section */
		78B6205A1AAB2D5800335D26 /* Resources */ = {
			isa = PBXResourcesBuildPhase;
			buildActionMask = 2147483647;
			files = (
				78B6206A1AAB2D5800335D26 /* Main.storyboard in Resources */,
				78B6206F1AAB2D5800335D26 /* LaunchScreen.xib in Resources */,
				78B6206C1AAB2D5800335D26 /* Images.xcassets in Resources */,
			);
			runOnlyForDeploymentPostprocessing = 0;
		};
		78B620721AAB2D5800335D26 /* Resources */ = {
			isa = PBXResourcesBuildPhase;
			buildActionMask = 2147483647;
			files = (
			);
			runOnlyForDeploymentPostprocessing = 0;
		};
/* End PBXResourcesBuildPhase section */

/* Begin PBXSourcesBuildPhase section */
		78B620581AAB2D5800335D26 /* Sources */ = {
			isa = PBXSourcesBuildPhase;
			buildActionMask = 2147483647;
			files = (
				78B620851AAB2DE300335D26 /* ViewController.swift in Sources */,
				78B620651AAB2D5800335D26 /* JsonTrial.xcdatamodeld in Sources */,
				78B620621AAB2D5800335D26 /* AppDelegate.swift in Sources */,
				78B620871AAB2EDA00335D26 /* WebViewController.swift in Sources */,
			);
			runOnlyForDeploymentPostprocessing = 0;
		};
		78B620701AAB2D5800335D26 /* Sources */ = {
			isa = PBXSourcesBuildPhase;
			buildActionMask = 2147483647;
			files = (
				78B6207B1AAB2D5800335D26 /* JsonTrialTests.swift in Sources */,
			);
			runOnlyForDeploymentPostprocessing = 0;
		};
/* End PBXSourcesBuildPhase section */

/* Begin PBXTargetDependency section */
		78B620761AAB2D5800335D26 /* PBXTargetDependency */ = {
			isa = PBXTargetDependency;
			target = 78B6205B1AAB2D5800335D26 /* JsonTrial */;
			targetProxy = 78B620751AAB2D5800335D26 /* PBXContainerItemProxy */;
		};
/* End PBXTargetDependency section */

/* Begin PBXVariantGroup section */
		78B620681AAB2D5800335D26 /* Main.storyboard */ = {
			isa = PBXVariantGroup;
			children = (
				78B620691AAB2D5800335D26 /* Base */,
			);
			name = Main.storyboard;
			sourceTree = "<group>";
		};
		78B6206D1AAB2D5800335D26 /* LaunchScreen.xib */ = {
			isa = PBXVariantGroup;
			children = (
				78B6206E1AAB2D5800335D26 /* Base */,
			);
			name = LaunchScreen.xib;
			sourceTree = "<group>";
		};
/* End PBXVariantGroup section */

/* Begin XCBuildConfiguration section */
		78B6207C1AAB2D5800335D26 /* Debug */ = {
			isa = XCBuildConfiguration;
			buildSettings = {
				ALWAYS_SEARCH_USER_PATHS = NO;
				CLANG_CXX_LANGUAGE_STANDARD = "gnu++0x";
				CLANG_CXX_LIBRARY = "libc++";
				CLANG_ENABLE_MODULES = YES;
				CLANG_ENABLE_OBJC_ARC = YES;
				CLANG_WARN_BOOL_CONVERSION = YES;
				CLANG_WARN_CONSTANT_CONVERSION = YES;
				CLANG_WARN_DIRECT_OBJC_ISA_USAGE = YES_ERROR;
				CLANG_WARN_EMPTY_BODY = YES;
				CLANG_WARN_ENUM_CONVERSION = YES;
				CLANG_WARN_INT_CONVERSION = YES;
				CLANG_WARN_OBJC_ROOT_CLASS = YES_ERROR;
				CLANG_WARN_UNREACHABLE_CODE = YES;
				CLANG_WARN__DUPLICATE_METHOD_MATCH = YES;
				"CODE_SIGN_IDENTITY[sdk=iphoneos*]" = "iPhone Developer";
				COPY_PHASE_STRIP = NO;
				ENABLE_STRICT_OBJC_MSGSEND = YES;
				GCC_C_LANGUAGE_STANDARD = gnu99;
				GCC_DYNAMIC_NO_PIC = NO;
				GCC_OPTIMIZATION_LEVEL = 0;
				GCC_PREPROCESSOR_DEFINITIONS = (
					"DEBUG=1",
					"$(inherited)",
				);
				GCC_SYMBOLS_PRIVATE_EXTERN = NO;
				GCC_WARN_64_TO_32_BIT_CONVERSION = YES;
				GCC_WARN_ABOUT_RETURN_TYPE = YES_ERROR;
				GCC_WARN_UNDECLARED_SELECTOR = YES;
				GCC_WARN_UNINITIALIZED_AUTOS = YES_AGGRESSIVE;
				GCC_WARN_UNUSED_FUNCTION = YES;
				GCC_WARN_UNUSED_VARIABLE = YES;
				IPHONEOS_DEPLOYMENT_TARGET = 8.1;
				MTL_ENABLE_DEBUG_INFO = YES;
				ONLY_ACTIVE_ARCH = YES;
				SDKROOT = iphoneos;
				SWIFT_OPTIMIZATION_LEVEL = "-Onone";
			};
			name = Debug;
		};
		78B6207D1AAB2D5800335D26 /* Release */ = {
			isa = XCBuildConfiguration;
			buildSettings = {
				ALWAYS_SEARCH_USER_PATHS = NO;
				CLANG_CXX_LANGUAGE_STANDARD = "gnu++0x";
				CLANG_CXX_LIBRARY = "libc++";
				CLANG_ENABLE_MODULES = YES;
				CLANG_ENABLE_OBJC_ARC = YES;
				CLANG_WARN_BOOL_CONVERSION = YES;
				CLANG_WARN_CONSTANT_CONVERSION = YES;
				CLANG_WARN_DIRECT_OBJC_ISA_USAGE = YES_ERROR;
				CLANG_WARN_EMPTY_BODY = YES;
				CLANG_WARN_ENUM_CONVERSION = YES;
				CLANG_WARN_INT_CONVERSION = YES;
				CLANG_WARN_OBJC_ROOT_CLASS = YES_ERROR;
				CLANG_WARN_UNREACHABLE_CODE = YES;
				CLANG_WARN__DUPLICATE_METHOD_MATCH = YES;
				"CODE_SIGN_IDENTITY[sdk=iphoneos*]" = "iPhone Developer";
				COPY_PHASE_STRIP = YES;
				ENABLE_NS_ASSERTIONS = NO;
				ENABLE_STRICT_OBJC_MSGSEND = YES;
				GCC_C_LANGUAGE_STANDARD = gnu99;
				GCC_WARN_64_TO_32_BIT_CONVERSION = YES;
				GCC_WARN_ABOUT_RETURN_TYPE = YES_ERROR;
				GCC_WARN_UNDECLARED_SELECTOR = YES;
				GCC_WARN_UNINITIALIZED_AUTOS = YES_AGGRESSIVE;
				GCC_WARN_UNUSED_FUNCTION = YES;
				GCC_WARN_UNUSED_VARIABLE = YES;
				IPHONEOS_DEPLOYMENT_TARGET = 8.1;
				MTL_ENABLE_DEBUG_INFO = NO;
				SDKROOT = iphoneos;
				VALIDATE_PRODUCT = YES;
			};
			name = Release;
		};
		78B6207F1AAB2D5800335D26 /* Debug */ = {
			isa = XCBuildConfiguration;
			buildSettings = {
				ASSETCATALOG_COMPILER_APPICON_NAME = AppIcon;
				INFOPLIST_FILE = JsonTrial/Info.plist;
				LD_RUNPATH_SEARCH_PATHS = "$(inherited) @executable_path/Frameworks";
				PRODUCT_NAME = "$(TARGET_NAME)";
			};
			name = Debug;
		};
		78B620801AAB2D5800335D26 /* Release */ = {
			isa = XCBuildConfiguration;
			buildSettings = {
				ASSETCATALOG_COMPILER_APPICON_NAME = AppIcon;
				INFOPLIST_FILE = JsonTrial/Info.plist;
				LD_RUNPATH_SEARCH_PATHS = "$(inherited) @executable_path/Frameworks";
				PRODUCT_NAME = "$(TARGET_NAME)";
			};
			name = Release;
		};
		78B620821AAB2D5800335D26 /* Debug */ = {
			isa = XCBuildConfiguration;
			buildSettings = {
				BUNDLE_LOADER = "$(TEST_HOST)";
				FRAMEWORK_SEARCH_PATHS = (
					"$(SDKROOT)/Developer/Library/Frameworks",
					"$(inherited)",
				);
				GCC_PREPROCESSOR_DEFINITIONS = (
					"DEBUG=1",
					"$(inherited)",
				);
				INFOPLIST_FILE = JsonTrialTests/Info.plist;
				LD_RUNPATH_SEARCH_PATHS = "$(inherited) @executable_path/Frameworks @loader_path/Frameworks";
				PRODUCT_NAME = "$(TARGET_NAME)";
				TEST_HOST = "$(BUILT_PRODUCTS_DIR)/JsonTrial.app/JsonTrial";
			};
			name = Debug;
		};
		78B620831AAB2D5800335D26 /* Release */ = {
			isa = XCBuildConfiguration;
			buildSettings = {
				BUNDLE_LOADER = "$(TEST_HOST)";
				FRAMEWORK_SEARCH_PATHS = (
					"$(SDKROOT)/Developer/Library/Frameworks",
					"$(inherited)",
				);
				INFOPLIST_FILE = JsonTrialTests/Info.plist;
				LD_RUNPATH_SEARCH_PATHS = "$(inherited) @executable_path/Frameworks @loader_path/Frameworks";
				PRODUCT_NAME = "$(TARGET_NAME)";
				TEST_HOST = "$(BUILT_PRODUCTS_DIR)/JsonTrial.app/JsonTrial";
			};
			name = Release;
		};
/* End XCBuildConfiguration section */

/* Begin XCConfigurationList section */
		78B620571AAB2D5800335D26 /* Build configuration list for PBXProject "JsonTrial" */ = {
			isa = XCConfigurationList;
			buildConfigurations = (
				78B6207C1AAB2D5800335D26 /* Debug */,
				78B6207D1AAB2D5800335D26 /* Release */,
			);
			defaultConfigurationIsVisible = 0;
			defaultConfigurationName = Release;
		};
		78B6207E1AAB2D5800335D26 /* Build configuration list for PBXNativeTarget "JsonTrial" */ = {
			isa = XCConfigurationList;
			buildConfigurations = (
				78B6207F1AAB2D5800335D26 /* Debug */,
				78B620801AAB2D5800335D26 /* Release */,
			);
			defaultConfigurationIsVisible = 0;
		};
		78B620811AAB2D5800335D26 /* Build configuration list for PBXNativeTarget "JsonTrialTests" */ = {
			isa = XCConfigurationList;
			buildConfigurations = (
				78B620821AAB2D5800335D26 /* Debug */,
				78B620831AAB2D5800335D26 /* Release */,
			);
			defaultConfigurationIsVisible = 0;
		};
/* End XCConfigurationList section */

/* Begin XCVersionGroup section */
		78B620631AAB2D5800335D26 /* JsonTrial.xcdatamodeld */ = {
			isa = XCVersionGroup;
			children = (
				78B620641AAB2D5800335D26 /* JsonTrial.xcdatamodel */,
			);
			currentVersion = 78B620641AAB2D5800335D26 /* JsonTrial.xcdatamodel */;
			path = JsonTrial.xcdatamodeld;
			sourceTree = "<group>";
			versionGroupType = wrapper.xcdatamodel;
		};
/* End XCVersionGroup section */
	};
	rootObject = 78B620541AAB2D5800335D26 /* Project object */;
}
