// !$*UTF8*$!
{
	archiveVersion = 1;
	classes = {
	};
	objectVersion = 46;
	objects = {

/* Begin PBXBuildFile section */
		78602FED1AD774D000A4F9B4 /* AppDelegate.swift in Sources */ = {isa = PBXBuildFile; fileRef = 78602FEC1AD774D000A4F9B4 /* AppDelegate.swift */; };
		78602FF01AD774D000A4F9B4 /* CloserToTruthApp.xcdatamodeld in Sources */ = {isa = PBXBuildFile; fileRef = 78602FEE1AD774D000A4F9B4 /* CloserToTruthApp.xcdatamodeld */; };
		78602FF21AD774D000A4F9B4 /* ViewController.swift in Sources */ = {isa = PBXBuildFile; fileRef = 78602FF11AD774D000A4F9B4 /* ViewController.swift */; };
		78602FF51AD774D000A4F9B4 /* Main.storyboard in Resources */ = {isa = PBXBuildFile; fileRef = 78602FF31AD774D000A4F9B4 /* Main.storyboard */; };
		78602FF71AD774D000A4F9B4 /* Images.xcassets in Resources */ = {isa = PBXBuildFile; fileRef = 78602FF61AD774D000A4F9B4 /* Images.xcassets */; };
		78602FFA1AD774D000A4F9B4 /* LaunchScreen.xib in Resources */ = {isa = PBXBuildFile; fileRef = 78602FF81AD774D000A4F9B4 /* LaunchScreen.xib */; };
		786030061AD774D000A4F9B4 /* CloserToTruthAppTests.swift in Sources */ = {isa = PBXBuildFile; fileRef = 786030051AD774D000A4F9B4 /* CloserToTruthAppTests.swift */; };
/* End PBXBuildFile section */

/* Begin PBXContainerItemProxy section */
		786030001AD774D000A4F9B4 /* PBXContainerItemProxy */ = {
			isa = PBXContainerItemProxy;
			containerPortal = 78602FDF1AD774D000A4F9B4 /* Project object */;
			proxyType = 1;
			remoteGlobalIDString = 78602FE61AD774D000A4F9B4;
			remoteInfo = CloserToTruthApp;
		};
		786030141AD7754F00A4F9B4 /* PBXContainerItemProxy */ = {
			isa = PBXContainerItemProxy;
			containerPortal = 7860300F1AD7754F00A4F9B4 /* KALTURAPlayerSDK.xcodeproj */;
			proxyType = 2;
			remoteGlobalIDString = BFFFA727182F9E31005B3B24;
			remoteInfo = KALTURAPlayerSDK;
		};
		786030161AD7754F00A4F9B4 /* PBXContainerItemProxy */ = {
			isa = PBXContainerItemProxy;
			containerPortal = 7860300F1AD7754F00A4F9B4 /* KALTURAPlayerSDK.xcodeproj */;
			proxyType = 2;
			remoteGlobalIDString = B372892E1A8787D00076DD33;
			remoteInfo = KPlayerResources;
		};
/* End PBXContainerItemProxy section */

/* Begin PBXFileReference section */
		78602FE71AD774D000A4F9B4 /* CloserToTruthApp.app */ = {isa = PBXFileReference; explicitFileType = wrapper.application; includeInIndex = 0; path = CloserToTruthApp.app; sourceTree = BUILT_PRODUCTS_DIR; };
		78602FEB1AD774D000A4F9B4 /* Info.plist */ = {isa = PBXFileReference; lastKnownFileType = text.plist.xml; path = Info.plist; sourceTree = "<group>"; };
		78602FEC1AD774D000A4F9B4 /* AppDelegate.swift */ = {isa = PBXFileReference; lastKnownFileType = sourcecode.swift; path = AppDelegate.swift; sourceTree = "<group>"; };
		78602FEF1AD774D000A4F9B4 /* CloserToTruthApp.xcdatamodel */ = {isa = PBXFileReference; lastKnownFileType = wrapper.xcdatamodel; path = CloserToTruthApp.xcdatamodel; sourceTree = "<group>"; };
		78602FF11AD774D000A4F9B4 /* ViewController.swift */ = {isa = PBXFileReference; lastKnownFileType = sourcecode.swift; path = ViewController.swift; sourceTree = "<group>"; };
		78602FF41AD774D000A4F9B4 /* Base */ = {isa = PBXFileReference; lastKnownFileType = file.storyboard; name = Base; path = Base.lproj/Main.storyboard; sourceTree = "<group>"; };
		78602FF61AD774D000A4F9B4 /* Images.xcassets */ = {isa = PBXFileReference; lastKnownFileType = folder.assetcatalog; path = Images.xcassets; sourceTree = "<group>"; };
		78602FF91AD774D000A4F9B4 /* Base */ = {isa = PBXFileReference; lastKnownFileType = file.xib; name = Base; path = Base.lproj/LaunchScreen.xib; sourceTree = "<group>"; };
		78602FFF1AD774D000A4F9B4 /* CloserToTruthAppTests.xctest */ = {isa = PBXFileReference; explicitFileType = wrapper.cfbundle; includeInIndex = 0; path = CloserToTruthAppTests.xctest; sourceTree = BUILT_PRODUCTS_DIR; };
		786030041AD774D000A4F9B4 /* Info.plist */ = {isa = PBXFileReference; lastKnownFileType = text.plist.xml; path = Info.plist; sourceTree = "<group>"; };
		786030051AD774D000A4F9B4 /* CloserToTruthAppTests.swift */ = {isa = PBXFileReference; lastKnownFileType = sourcecode.swift; path = CloserToTruthAppTests.swift; sourceTree = "<group>"; };
		7860300F1AD7754F00A4F9B4 /* KALTURAPlayerSDK.xcodeproj */ = {isa = PBXFileReference; lastKnownFileType = "wrapper.pb-project"; name = KALTURAPlayerSDK.xcodeproj; path = "../player-sdk-native-ios-master/PlayerSDK/KALTURAPlayerSDK.xcodeproj"; sourceTree = "<group>"; };
/* End PBXFileReference section */

/* Begin PBXFrameworksBuildPhase section */
		78602FE41AD774D000A4F9B4 /* Frameworks */ = {
			isa = PBXFrameworksBuildPhase;
			buildActionMask = 2147483647;
			files = (
			);
			runOnlyForDeploymentPostprocessing = 0;
		};
		78602FFC1AD774D000A4F9B4 /* Frameworks */ = {
			isa = PBXFrameworksBuildPhase;
			buildActionMask = 2147483647;
			files = (
			);
			runOnlyForDeploymentPostprocessing = 0;
		};
/* End PBXFrameworksBuildPhase section */

/* Begin PBXGroup section */
		78602FDE1AD774D000A4F9B4 = {
			isa = PBXGroup;
			children = (
				7860300F1AD7754F00A4F9B4 /* KALTURAPlayerSDK.xcodeproj */,
				78602FE91AD774D000A4F9B4 /* CloserToTruthApp */,
				786030021AD774D000A4F9B4 /* CloserToTruthAppTests */,
				78602FE81AD774D000A4F9B4 /* Products */,
			);
			sourceTree = "<group>";
		};
		78602FE81AD774D000A4F9B4 /* Products */ = {
			isa = PBXGroup;
			children = (
				78602FE71AD774D000A4F9B4 /* CloserToTruthApp.app */,
				78602FFF1AD774D000A4F9B4 /* CloserToTruthAppTests.xctest */,
			);
			name = Products;
			sourceTree = "<group>";
		};
		78602FE91AD774D000A4F9B4 /* CloserToTruthApp */ = {
			isa = PBXGroup;
			children = (
				78602FEC1AD774D000A4F9B4 /* AppDelegate.swift */,
				78602FF11AD774D000A4F9B4 /* ViewController.swift */,
				78602FF31AD774D000A4F9B4 /* Main.storyboard */,
				78602FF61AD774D000A4F9B4 /* Images.xcassets */,
				78602FF81AD774D000A4F9B4 /* LaunchScreen.xib */,
				78602FEE1AD774D000A4F9B4 /* CloserToTruthApp.xcdatamodeld */,
				78602FEA1AD774D000A4F9B4 /* Supporting Files */,
			);
			path = CloserToTruthApp;
			sourceTree = "<group>";
		};
		78602FEA1AD774D000A4F9B4 /* Supporting Files */ = {
			isa = PBXGroup;
			children = (
				78602FEB1AD774D000A4F9B4 /* Info.plist */,
			);
			name = "Supporting Files";
			sourceTree = "<group>";
		};
		786030021AD774D000A4F9B4 /* CloserToTruthAppTests */ = {
			isa = PBXGroup;
			children = (
				786030051AD774D000A4F9B4 /* CloserToTruthAppTests.swift */,
				786030031AD774D000A4F9B4 /* Supporting Files */,
			);
			path = CloserToTruthAppTests;
			sourceTree = "<group>";
		};
		786030031AD774D000A4F9B4 /* Supporting Files */ = {
			isa = PBXGroup;
			children = (
				786030041AD774D000A4F9B4 /* Info.plist */,
			);
			name = "Supporting Files";
			sourceTree = "<group>";
		};
		786030101AD7754F00A4F9B4 /* Products */ = {
			isa = PBXGroup;
			children = (
				786030151AD7754F00A4F9B4 /* libKALTURAPlayerSDK.a */,
				786030171AD7754F00A4F9B4 /* KALTURAPlayerSDK.bundle */,
			);
			name = Products;
			sourceTree = "<group>";
		};
/* End PBXGroup section */

/* Begin PBXNativeTarget section */
		78602FE61AD774D000A4F9B4 /* CloserToTruthApp */ = {
			isa = PBXNativeTarget;
			buildConfigurationList = 786030091AD774D000A4F9B4 /* Build configuration list for PBXNativeTarget "CloserToTruthApp" */;
			buildPhases = (
				78602FE31AD774D000A4F9B4 /* Sources */,
				78602FE41AD774D000A4F9B4 /* Frameworks */,
				78602FE51AD774D000A4F9B4 /* Resources */,
			);
			buildRules = (
			);
			dependencies = (
			);
			name = CloserToTruthApp;
			productName = CloserToTruthApp;
			productReference = 78602FE71AD774D000A4F9B4 /* CloserToTruthApp.app */;
			productType = "com.apple.product-type.application";
		};
		78602FFE1AD774D000A4F9B4 /* CloserToTruthAppTests */ = {
			isa = PBXNativeTarget;
			buildConfigurationList = 7860300C1AD774D000A4F9B4 /* Build configuration list for PBXNativeTarget "CloserToTruthAppTests" */;
			buildPhases = (
				78602FFB1AD774D000A4F9B4 /* Sources */,
				78602FFC1AD774D000A4F9B4 /* Frameworks */,
				78602FFD1AD774D000A4F9B4 /* Resources */,
			);
			buildRules = (
			);
			dependencies = (
				786030011AD774D000A4F9B4 /* PBXTargetDependency */,
			);
			name = CloserToTruthAppTests;
			productName = CloserToTruthAppTests;
			productReference = 78602FFF1AD774D000A4F9B4 /* CloserToTruthAppTests.xctest */;
			productType = "com.apple.product-type.bundle.unit-test";
		};
/* End PBXNativeTarget section */

/* Begin PBXProject section */
		78602FDF1AD774D000A4F9B4 /* Project object */ = {
			isa = PBXProject;
			attributes = {
				LastUpgradeCheck = 0620;
				ORGANIZATIONNAME = "Alexis Saint-Jean";
				TargetAttributes = {
					78602FE61AD774D000A4F9B4 = {
						CreatedOnToolsVersion = 6.2;
					};
					78602FFE1AD774D000A4F9B4 = {
						CreatedOnToolsVersion = 6.2;
						TestTargetID = 78602FE61AD774D000A4F9B4;
					};
				};
			};
			buildConfigurationList = 78602FE21AD774D000A4F9B4 /* Build configuration list for PBXProject "CloserToTruthApp" */;
			compatibilityVersion = "Xcode 3.2";
			developmentRegion = English;
			hasScannedForEncodings = 0;
			knownRegions = (
				en,
				Base,
			);
			mainGroup = 78602FDE1AD774D000A4F9B4;
			productRefGroup = 78602FE81AD774D000A4F9B4 /* Products */;
			projectDirPath = "";
			projectReferences = (
				{
					ProductGroup = 786030101AD7754F00A4F9B4 /* Products */;
					ProjectRef = 7860300F1AD7754F00A4F9B4 /* KALTURAPlayerSDK.xcodeproj */;
				},
			);
			projectRoot = "";
			targets = (
				78602FE61AD774D000A4F9B4 /* CloserToTruthApp */,
				78602FFE1AD774D000A4F9B4 /* CloserToTruthAppTests */,
			);
		};
/* End PBXProject section */

/* Begin PBXReferenceProxy section */
		786030151AD7754F00A4F9B4 /* libKALTURAPlayerSDK.a */ = {
			isa = PBXReferenceProxy;
			fileType = archive.ar;
			path = libKALTURAPlayerSDK.a;
			remoteRef = 786030141AD7754F00A4F9B4 /* PBXContainerItemProxy */;
			sourceTree = BUILT_PRODUCTS_DIR;
		};
		786030171AD7754F00A4F9B4 /* KALTURAPlayerSDK.bundle */ = {
			isa = PBXReferenceProxy;
			fileType = wrapper.cfbundle;
			path = KALTURAPlayerSDK.bundle;
			remoteRef = 786030161AD7754F00A4F9B4 /* PBXContainerItemProxy */;
			sourceTree = BUILT_PRODUCTS_DIR;
		};
/* End PBXReferenceProxy section */

/* Begin PBXResourcesBuildPhase section */
		78602FE51AD774D000A4F9B4 /* Resources */ = {
			isa = PBXResourcesBuildPhase;
			buildActionMask = 2147483647;
			files = (
				78602FF51AD774D000A4F9B4 /* Main.storyboard in Resources */,
				78602FFA1AD774D000A4F9B4 /* LaunchScreen.xib in Resources */,
				78602FF71AD774D000A4F9B4 /* Images.xcassets in Resources */,
			);
			runOnlyForDeploymentPostprocessing = 0;
		};
		78602FFD1AD774D000A4F9B4 /* Resources */ = {
			isa = PBXResourcesBuildPhase;
			buildActionMask = 2147483647;
			files = (
			);
			runOnlyForDeploymentPostprocessing = 0;
		};
/* End PBXResourcesBuildPhase section */

/* Begin PBXSourcesBuildPhase section */
		78602FE31AD774D000A4F9B4 /* Sources */ = {
			isa = PBXSourcesBuildPhase;
			buildActionMask = 2147483647;
			files = (
				78602FF21AD774D000A4F9B4 /* ViewController.swift in Sources */,
				78602FF01AD774D000A4F9B4 /* CloserToTruthApp.xcdatamodeld in Sources */,
				78602FED1AD774D000A4F9B4 /* AppDelegate.swift in Sources */,
			);
			runOnlyForDeploymentPostprocessing = 0;
		};
		78602FFB1AD774D000A4F9B4 /* Sources */ = {
			isa = PBXSourcesBuildPhase;
			buildActionMask = 2147483647;
			files = (
				786030061AD774D000A4F9B4 /* CloserToTruthAppTests.swift in Sources */,
			);
			runOnlyForDeploymentPostprocessing = 0;
		};
/* End PBXSourcesBuildPhase section */

/* Begin PBXTargetDependency section */
		786030011AD774D000A4F9B4 /* PBXTargetDependency */ = {
			isa = PBXTargetDependency;
			target = 78602FE61AD774D000A4F9B4 /* CloserToTruthApp */;
			targetProxy = 786030001AD774D000A4F9B4 /* PBXContainerItemProxy */;
		};
/* End PBXTargetDependency section */

/* Begin PBXVariantGroup section */
		78602FF31AD774D000A4F9B4 /* Main.storyboard */ = {
			isa = PBXVariantGroup;
			children = (
				78602FF41AD774D000A4F9B4 /* Base */,
			);
			name = Main.storyboard;
			sourceTree = "<group>";
		};
		78602FF81AD774D000A4F9B4 /* LaunchScreen.xib */ = {
			isa = PBXVariantGroup;
			children = (
				78602FF91AD774D000A4F9B4 /* Base */,
			);
			name = LaunchScreen.xib;
			sourceTree = "<group>";
		};
/* End PBXVariantGroup section */

/* Begin XCBuildConfiguration section */
		786030071AD774D000A4F9B4 /* Debug */ = {
			isa = XCBuildConfiguration;
			buildSettings = {
				ALWAYS_SEARCH_USER_PATHS = NO;
				CLANG_CXX_LANGUAGE_STANDARD = "gnu++0x";
				CLANG_CXX_LIBRARY = "libc++";
				CLANG_ENABLE_MODULES = YES;
				CLANG_ENABLE_OBJC_ARC = YES;
				CLANG_WARN_BOOL_CONVERSION = YES;
				CLANG_WARN_CONSTANT_CONVERSION = YES;
				CLANG_WARN_DIRECT_OBJC_ISA_USAGE = YES_ERROR;
				CLANG_WARN_EMPTY_BODY = YES;
				CLANG_WARN_ENUM_CONVERSION = YES;
				CLANG_WARN_INT_CONVERSION = YES;
				CLANG_WARN_OBJC_ROOT_CLASS = YES_ERROR;
				CLANG_WARN_UNREACHABLE_CODE = YES;
				CLANG_WARN__DUPLICATE_METHOD_MATCH = YES;
				"CODE_SIGN_IDENTITY[sdk=iphoneos*]" = "iPhone Developer";
				COPY_PHASE_STRIP = NO;
				ENABLE_STRICT_OBJC_MSGSEND = YES;
				GCC_C_LANGUAGE_STANDARD = gnu99;
				GCC_DYNAMIC_NO_PIC = NO;
				GCC_OPTIMIZATION_LEVEL = 0;
				GCC_PREPROCESSOR_DEFINITIONS = (
					"DEBUG=1",
					"$(inherited)",
				);
				GCC_SYMBOLS_PRIVATE_EXTERN = NO;
				GCC_WARN_64_TO_32_BIT_CONVERSION = YES;
				GCC_WARN_ABOUT_RETURN_TYPE = YES_ERROR;
				GCC_WARN_UNDECLARED_SELECTOR = YES;
				GCC_WARN_UNINITIALIZED_AUTOS = YES_AGGRESSIVE;
				GCC_WARN_UNUSED_FUNCTION = YES;
				GCC_WARN_UNUSED_VARIABLE = YES;
				IPHONEOS_DEPLOYMENT_TARGET = 8.2;
				MTL_ENABLE_DEBUG_INFO = YES;
				ONLY_ACTIVE_ARCH = YES;
				SDKROOT = iphoneos;
				SWIFT_OPTIMIZATION_LEVEL = "-Onone";
			};
			name = Debug;
		};
		786030081AD774D000A4F9B4 /* Release */ = {
			isa = XCBuildConfiguration;
			buildSettings = {
				ALWAYS_SEARCH_USER_PATHS = NO;
				CLANG_CXX_LANGUAGE_STANDARD = "gnu++0x";
				CLANG_CXX_LIBRARY = "libc++";
				CLANG_ENABLE_MODULES = YES;
				CLANG_ENABLE_OBJC_ARC = YES;
				CLANG_WARN_BOOL_CONVERSION = YES;
				CLANG_WARN_CONSTANT_CONVERSION = YES;
				CLANG_WARN_DIRECT_OBJC_ISA_USAGE = YES_ERROR;
				CLANG_WARN_EMPTY_BODY = YES;
				CLANG_WARN_ENUM_CONVERSION = YES;
				CLANG_WARN_INT_CONVERSION = YES;
				CLANG_WARN_OBJC_ROOT_CLASS = YES_ERROR;
				CLANG_WARN_UNREACHABLE_CODE = YES;
				CLANG_WARN__DUPLICATE_METHOD_MATCH = YES;
				"CODE_SIGN_IDENTITY[sdk=iphoneos*]" = "iPhone Developer";
				COPY_PHASE_STRIP = NO;
				ENABLE_NS_ASSERTIONS = NO;
				ENABLE_STRICT_OBJC_MSGSEND = YES;
				GCC_C_LANGUAGE_STANDARD = gnu99;
				GCC_WARN_64_TO_32_BIT_CONVERSION = YES;
				GCC_WARN_ABOUT_RETURN_TYPE = YES_ERROR;
				GCC_WARN_UNDECLARED_SELECTOR = YES;
				GCC_WARN_UNINITIALIZED_AUTOS = YES_AGGRESSIVE;
				GCC_WARN_UNUSED_FUNCTION = YES;
				GCC_WARN_UNUSED_VARIABLE = YES;
				IPHONEOS_DEPLOYMENT_TARGET = 8.2;
				MTL_ENABLE_DEBUG_INFO = NO;
				SDKROOT = iphoneos;
				VALIDATE_PRODUCT = YES;
			};
			name = Release;
		};
		7860300A1AD774D000A4F9B4 /* Debug */ = {
			isa = XCBuildConfiguration;
			buildSettings = {
				ASSETCATALOG_COMPILER_APPICON_NAME = AppIcon;
				INFOPLIST_FILE = CloserToTruthApp/Info.plist;
				LD_RUNPATH_SEARCH_PATHS = "$(inherited) @executable_path/Frameworks";
				PRODUCT_NAME = "$(TARGET_NAME)";
			};
			name = Debug;
		};
		7860300B1AD774D000A4F9B4 /* Release */ = {
			isa = XCBuildConfiguration;
			buildSettings = {
				ASSETCATALOG_COMPILER_APPICON_NAME = AppIcon;
				INFOPLIST_FILE = CloserToTruthApp/Info.plist;
				LD_RUNPATH_SEARCH_PATHS = "$(inherited) @executable_path/Frameworks";
				PRODUCT_NAME = "$(TARGET_NAME)";
			};
			name = Release;
		};
		7860300D1AD774D000A4F9B4 /* Debug */ = {
			isa = XCBuildConfiguration;
			buildSettings = {
				BUNDLE_LOADER = "$(TEST_HOST)";
				FRAMEWORK_SEARCH_PATHS = (
					"$(SDKROOT)/Developer/Library/Frameworks",
					"$(inherited)",
				);
				GCC_PREPROCESSOR_DEFINITIONS = (
					"DEBUG=1",
					"$(inherited)",
				);
				INFOPLIST_FILE = CloserToTruthAppTests/Info.plist;
				LD_RUNPATH_SEARCH_PATHS = "$(inherited) @executable_path/Frameworks @loader_path/Frameworks";
				PRODUCT_NAME = "$(TARGET_NAME)";
				TEST_HOST = "$(BUILT_PRODUCTS_DIR)/CloserToTruthApp.app/CloserToTruthApp";
			};
			name = Debug;
		};
		7860300E1AD774D000A4F9B4 /* Release */ = {
			isa = XCBuildConfiguration;
			buildSettings = {
				BUNDLE_LOADER = "$(TEST_HOST)";
				FRAMEWORK_SEARCH_PATHS = (
					"$(SDKROOT)/Developer/Library/Frameworks",
					"$(inherited)",
				);
				INFOPLIST_FILE = CloserToTruthAppTests/Info.plist;
				LD_RUNPATH_SEARCH_PATHS = "$(inherited) @executable_path/Frameworks @loader_path/Frameworks";
				PRODUCT_NAME = "$(TARGET_NAME)";
				TEST_HOST = "$(BUILT_PRODUCTS_DIR)/CloserToTruthApp.app/CloserToTruthApp";
			};
			name = Release;
		};
/* End XCBuildConfiguration section */

/* Begin XCConfigurationList section */
		78602FE21AD774D000A4F9B4 /* Build configuration list for PBXProject "CloserToTruthApp" */ = {
			isa = XCConfigurationList;
			buildConfigurations = (
				786030071AD774D000A4F9B4 /* Debug */,
				786030081AD774D000A4F9B4 /* Release */,
			);
			defaultConfigurationIsVisible = 0;
			defaultConfigurationName = Release;
		};
		786030091AD774D000A4F9B4 /* Build configuration list for PBXNativeTarget "CloserToTruthApp" */ = {
			isa = XCConfigurationList;
			buildConfigurations = (
				7860300A1AD774D000A4F9B4 /* Debug */,
				7860300B1AD774D000A4F9B4 /* Release */,
			);
			defaultConfigurationIsVisible = 0;
		};
		7860300C1AD774D000A4F9B4 /* Build configuration list for PBXNativeTarget "CloserToTruthAppTests" */ = {
			isa = XCConfigurationList;
			buildConfigurations = (
				7860300D1AD774D000A4F9B4 /* Debug */,
				7860300E1AD774D000A4F9B4 /* Release */,
			);
			defaultConfigurationIsVisible = 0;
		};
/* End XCConfigurationList section */

/* Begin XCVersionGroup section */
		78602FEE1AD774D000A4F9B4 /* CloserToTruthApp.xcdatamodeld */ = {
			isa = XCVersionGroup;
			children = (
				78602FEF1AD774D000A4F9B4 /* CloserToTruthApp.xcdatamodel */,
			);
			currentVersion = 78602FEF1AD774D000A4F9B4 /* CloserToTruthApp.xcdatamodel */;
			path = CloserToTruthApp.xcdatamodeld;
			sourceTree = "<group>";
			versionGroupType = wrapper.xcdatamodel;
		};
/* End XCVersionGroup section */
	};
	rootObject = 78602FDF1AD774D000A4F9B4 /* Project object */;
}
