// !$*UTF8*$!
{
	archiveVersion = 1;
	classes = {
	};
	objectVersion = 46;
	objects = {

/* Begin PBXBuildFile section */
		788DB7621AB78BAD0038F062 /* AppDelegate.swift in Sources */ = {isa = PBXBuildFile; fileRef = 788DB7611AB78BAD0038F062 /* AppDelegate.swift */; };
		788DB7651AB78BAD0038F062 /* CTT2.xcdatamodeld in Sources */ = {isa = PBXBuildFile; fileRef = 788DB7631AB78BAD0038F062 /* CTT2.xcdatamodeld */; };
		788DB76A1AB78BAD0038F062 /* Main.storyboard in Resources */ = {isa = PBXBuildFile; fileRef = 788DB7681AB78BAD0038F062 /* Main.storyboard */; };
		788DB76C1AB78BAD0038F062 /* Images.xcassets in Resources */ = {isa = PBXBuildFile; fileRef = 788DB76B1AB78BAD0038F062 /* Images.xcassets */; };
		788DB76F1AB78BAD0038F062 /* LaunchScreen.xib in Resources */ = {isa = PBXBuildFile; fileRef = 788DB76D1AB78BAD0038F062 /* LaunchScreen.xib */; };
		788DB77B1AB78BAD0038F062 /* CTT2Tests.swift in Sources */ = {isa = PBXBuildFile; fileRef = 788DB77A1AB78BAD0038F062 /* CTT2Tests.swift */; };
		788DB7851AB78BE70038F062 /* TableViewController.swift in Sources */ = {isa = PBXBuildFile; fileRef = 788DB7841AB78BE70038F062 /* TableViewController.swift */; };
		788DB7871AB78E2D0038F062 /* quoteViewController.swift in Sources */ = {isa = PBXBuildFile; fileRef = 788DB7861AB78E2D0038F062 /* quoteViewController.swift */; };
/* End PBXBuildFile section */

/* Begin PBXContainerItemProxy section */
		788DB7751AB78BAD0038F062 /* PBXContainerItemProxy */ = {
			isa = PBXContainerItemProxy;
			containerPortal = 788DB7541AB78BAD0038F062 /* Project object */;
			proxyType = 1;
			remoteGlobalIDString = 788DB75B1AB78BAD0038F062;
			remoteInfo = CTT2;
		};
/* End PBXContainerItemProxy section */

/* Begin PBXFileReference section */
		788DB75C1AB78BAD0038F062 /* CTT2.app */ = {isa = PBXFileReference; explicitFileType = wrapper.application; includeInIndex = 0; path = CTT2.app; sourceTree = BUILT_PRODUCTS_DIR; };
		788DB7601AB78BAD0038F062 /* Info.plist */ = {isa = PBXFileReference; lastKnownFileType = text.plist.xml; path = Info.plist; sourceTree = "<group>"; };
		788DB7611AB78BAD0038F062 /* AppDelegate.swift */ = {isa = PBXFileReference; lastKnownFileType = sourcecode.swift; path = AppDelegate.swift; sourceTree = "<group>"; };
		788DB7641AB78BAD0038F062 /* CTT2.xcdatamodel */ = {isa = PBXFileReference; lastKnownFileType = wrapper.xcdatamodel; path = CTT2.xcdatamodel; sourceTree = "<group>"; };
		788DB7691AB78BAD0038F062 /* Base */ = {isa = PBXFileReference; lastKnownFileType = file.storyboard; name = Base; path = Base.lproj/Main.storyboard; sourceTree = "<group>"; };
		788DB76B1AB78BAD0038F062 /* Images.xcassets */ = {isa = PBXFileReference; lastKnownFileType = folder.assetcatalog; path = Images.xcassets; sourceTree = "<group>"; };
		788DB76E1AB78BAD0038F062 /* Base */ = {isa = PBXFileReference; lastKnownFileType = file.xib; name = Base; path = Base.lproj/LaunchScreen.xib; sourceTree = "<group>"; };
		788DB7741AB78BAD0038F062 /* CTT2Tests.xctest */ = {isa = PBXFileReference; explicitFileType = wrapper.cfbundle; includeInIndex = 0; path = CTT2Tests.xctest; sourceTree = BUILT_PRODUCTS_DIR; };
		788DB7791AB78BAD0038F062 /* Info.plist */ = {isa = PBXFileReference; lastKnownFileType = text.plist.xml; path = Info.plist; sourceTree = "<group>"; };
		788DB77A1AB78BAD0038F062 /* CTT2Tests.swift */ = {isa = PBXFileReference; lastKnownFileType = sourcecode.swift; path = CTT2Tests.swift; sourceTree = "<group>"; };
		788DB7841AB78BE70038F062 /* TableViewController.swift */ = {isa = PBXFileReference; fileEncoding = 4; lastKnownFileType = sourcecode.swift; path = TableViewController.swift; sourceTree = "<group>"; };
		788DB7861AB78E2D0038F062 /* quoteViewController.swift */ = {isa = PBXFileReference; fileEncoding = 4; lastKnownFileType = sourcecode.swift; path = quoteViewController.swift; sourceTree = "<group>"; };
/* End PBXFileReference section */

/* Begin PBXFrameworksBuildPhase section */
		788DB7591AB78BAD0038F062 /* Frameworks */ = {
			isa = PBXFrameworksBuildPhase;
			buildActionMask = 2147483647;
			files = (
			);
			runOnlyForDeploymentPostprocessing = 0;
		};
		788DB7711AB78BAD0038F062 /* Frameworks */ = {
			isa = PBXFrameworksBuildPhase;
			buildActionMask = 2147483647;
			files = (
			);
			runOnlyForDeploymentPostprocessing = 0;
		};
/* End PBXFrameworksBuildPhase section */

/* Begin PBXGroup section */
		788DB7531AB78BAD0038F062 = {
			isa = PBXGroup;
			children = (
				788DB75E1AB78BAD0038F062 /* CTT2 */,
				788DB7771AB78BAD0038F062 /* CTT2Tests */,
				788DB75D1AB78BAD0038F062 /* Products */,
			);
			sourceTree = "<group>";
		};
		788DB75D1AB78BAD0038F062 /* Products */ = {
			isa = PBXGroup;
			children = (
				788DB75C1AB78BAD0038F062 /* CTT2.app */,
				788DB7741AB78BAD0038F062 /* CTT2Tests.xctest */,
			);
			name = Products;
			sourceTree = "<group>";
		};
		788DB75E1AB78BAD0038F062 /* CTT2 */ = {
			isa = PBXGroup;
			children = (
				788DB7611AB78BAD0038F062 /* AppDelegate.swift */,
				788DB7681AB78BAD0038F062 /* Main.storyboard */,
				788DB7861AB78E2D0038F062 /* quoteViewController.swift */,
				788DB7841AB78BE70038F062 /* TableViewController.swift */,
				788DB76B1AB78BAD0038F062 /* Images.xcassets */,
				788DB76D1AB78BAD0038F062 /* LaunchScreen.xib */,
				788DB7631AB78BAD0038F062 /* CTT2.xcdatamodeld */,
				788DB75F1AB78BAD0038F062 /* Supporting Files */,
			);
			path = CTT2;
			sourceTree = "<group>";
		};
		788DB75F1AB78BAD0038F062 /* Supporting Files */ = {
			isa = PBXGroup;
			children = (
				788DB7601AB78BAD0038F062 /* Info.plist */,
			);
			name = "Supporting Files";
			sourceTree = "<group>";
		};
		788DB7771AB78BAD0038F062 /* CTT2Tests */ = {
			isa = PBXGroup;
			children = (
				788DB77A1AB78BAD0038F062 /* CTT2Tests.swift */,
				788DB7781AB78BAD0038F062 /* Supporting Files */,
			);
			path = CTT2Tests;
			sourceTree = "<group>";
		};
		788DB7781AB78BAD0038F062 /* Supporting Files */ = {
			isa = PBXGroup;
			children = (
				788DB7791AB78BAD0038F062 /* Info.plist */,
			);
			name = "Supporting Files";
			sourceTree = "<group>";
		};
/* End PBXGroup section */

/* Begin PBXNativeTarget section */
		788DB75B1AB78BAD0038F062 /* CTT2 */ = {
			isa = PBXNativeTarget;
			buildConfigurationList = 788DB77E1AB78BAD0038F062 /* Build configuration list for PBXNativeTarget "CTT2" */;
			buildPhases = (
				788DB7581AB78BAD0038F062 /* Sources */,
				788DB7591AB78BAD0038F062 /* Frameworks */,
				788DB75A1AB78BAD0038F062 /* Resources */,
			);
			buildRules = (
			);
			dependencies = (
			);
			name = CTT2;
			productName = CTT2;
			productReference = 788DB75C1AB78BAD0038F062 /* CTT2.app */;
			productType = "com.apple.product-type.application";
		};
		788DB7731AB78BAD0038F062 /* CTT2Tests */ = {
			isa = PBXNativeTarget;
			buildConfigurationList = 788DB7811AB78BAD0038F062 /* Build configuration list for PBXNativeTarget "CTT2Tests" */;
			buildPhases = (
				788DB7701AB78BAD0038F062 /* Sources */,
				788DB7711AB78BAD0038F062 /* Frameworks */,
				788DB7721AB78BAD0038F062 /* Resources */,
			);
			buildRules = (
			);
			dependencies = (
				788DB7761AB78BAD0038F062 /* PBXTargetDependency */,
			);
			name = CTT2Tests;
			productName = CTT2Tests;
			productReference = 788DB7741AB78BAD0038F062 /* CTT2Tests.xctest */;
			productType = "com.apple.product-type.bundle.unit-test";
		};
/* End PBXNativeTarget section */

/* Begin PBXProject section */
		788DB7541AB78BAD0038F062 /* Project object */ = {
			isa = PBXProject;
			attributes = {
				LastUpgradeCheck = 0620;
				ORGANIZATIONNAME = "Alexis Saint-Jean";
				TargetAttributes = {
					788DB75B1AB78BAD0038F062 = {
						CreatedOnToolsVersion = 6.2;
					};
					788DB7731AB78BAD0038F062 = {
						CreatedOnToolsVersion = 6.2;
						TestTargetID = 788DB75B1AB78BAD0038F062;
					};
				};
			};
			buildConfigurationList = 788DB7571AB78BAD0038F062 /* Build configuration list for PBXProject "CTT2" */;
			compatibilityVersion = "Xcode 3.2";
			developmentRegion = English;
			hasScannedForEncodings = 0;
			knownRegions = (
				en,
				Base,
			);
			mainGroup = 788DB7531AB78BAD0038F062;
			productRefGroup = 788DB75D1AB78BAD0038F062 /* Products */;
			projectDirPath = "";
			projectRoot = "";
			targets = (
				788DB75B1AB78BAD0038F062 /* CTT2 */,
				788DB7731AB78BAD0038F062 /* CTT2Tests */,
			);
		};
/* End PBXProject section */

/* Begin PBXResourcesBuildPhase section */
		788DB75A1AB78BAD0038F062 /* Resources */ = {
			isa = PBXResourcesBuildPhase;
			buildActionMask = 2147483647;
			files = (
				788DB76A1AB78BAD0038F062 /* Main.storyboard in Resources */,
				788DB76F1AB78BAD0038F062 /* LaunchScreen.xib in Resources */,
				788DB76C1AB78BAD0038F062 /* Images.xcassets in Resources */,
			);
			runOnlyForDeploymentPostprocessing = 0;
		};
		788DB7721AB78BAD0038F062 /* Resources */ = {
			isa = PBXResourcesBuildPhase;
			buildActionMask = 2147483647;
			files = (
			);
			runOnlyForDeploymentPostprocessing = 0;
		};
/* End PBXResourcesBuildPhase section */

/* Begin PBXSourcesBuildPhase section */
		788DB7581AB78BAD0038F062 /* Sources */ = {
			isa = PBXSourcesBuildPhase;
			buildActionMask = 2147483647;
			files = (
				788DB7871AB78E2D0038F062 /* quoteViewController.swift in Sources */,
				788DB7651AB78BAD0038F062 /* CTT2.xcdatamodeld in Sources */,
				788DB7621AB78BAD0038F062 /* AppDelegate.swift in Sources */,
				788DB7851AB78BE70038F062 /* TableViewController.swift in Sources */,
			);
			runOnlyForDeploymentPostprocessing = 0;
		};
		788DB7701AB78BAD0038F062 /* Sources */ = {
			isa = PBXSourcesBuildPhase;
			buildActionMask = 2147483647;
			files = (
				788DB77B1AB78BAD0038F062 /* CTT2Tests.swift in Sources */,
			);
			runOnlyForDeploymentPostprocessing = 0;
		};
/* End PBXSourcesBuildPhase section */

/* Begin PBXTargetDependency section */
		788DB7761AB78BAD0038F062 /* PBXTargetDependency */ = {
			isa = PBXTargetDependency;
			target = 788DB75B1AB78BAD0038F062 /* CTT2 */;
			targetProxy = 788DB7751AB78BAD0038F062 /* PBXContainerItemProxy */;
		};
/* End PBXTargetDependency section */

/* Begin PBXVariantGroup section */
		788DB7681AB78BAD0038F062 /* Main.storyboard */ = {
			isa = PBXVariantGroup;
			children = (
				788DB7691AB78BAD0038F062 /* Base */,
			);
			name = Main.storyboard;
			sourceTree = "<group>";
		};
		788DB76D1AB78BAD0038F062 /* LaunchScreen.xib */ = {
			isa = PBXVariantGroup;
			children = (
				788DB76E1AB78BAD0038F062 /* Base */,
			);
			name = LaunchScreen.xib;
			sourceTree = "<group>";
		};
/* End PBXVariantGroup section */

/* Begin XCBuildConfiguration section */
		788DB77C1AB78BAD0038F062 /* Debug */ = {
			isa = XCBuildConfiguration;
			buildSettings = {
				ALWAYS_SEARCH_USER_PATHS = NO;
				CLANG_CXX_LANGUAGE_STANDARD = "gnu++0x";
				CLANG_CXX_LIBRARY = "libc++";
				CLANG_ENABLE_MODULES = YES;
				CLANG_ENABLE_OBJC_ARC = YES;
				CLANG_WARN_BOOL_CONVERSION = YES;
				CLANG_WARN_CONSTANT_CONVERSION = YES;
				CLANG_WARN_DIRECT_OBJC_ISA_USAGE = YES_ERROR;
				CLANG_WARN_EMPTY_BODY = YES;
				CLANG_WARN_ENUM_CONVERSION = YES;
				CLANG_WARN_INT_CONVERSION = YES;
				CLANG_WARN_OBJC_ROOT_CLASS = YES_ERROR;
				CLANG_WARN_UNREACHABLE_CODE = YES;
				CLANG_WARN__DUPLICATE_METHOD_MATCH = YES;
				"CODE_SIGN_IDENTITY[sdk=iphoneos*]" = "iPhone Developer";
				COPY_PHASE_STRIP = NO;
				ENABLE_STRICT_OBJC_MSGSEND = YES;
				GCC_C_LANGUAGE_STANDARD = gnu99;
				GCC_DYNAMIC_NO_PIC = NO;
				GCC_OPTIMIZATION_LEVEL = 0;
				GCC_PREPROCESSOR_DEFINITIONS = (
					"DEBUG=1",
					"$(inherited)",
				);
				GCC_SYMBOLS_PRIVATE_EXTERN = NO;
				GCC_WARN_64_TO_32_BIT_CONVERSION = YES;
				GCC_WARN_ABOUT_RETURN_TYPE = YES_ERROR;
				GCC_WARN_UNDECLARED_SELECTOR = YES;
				GCC_WARN_UNINITIALIZED_AUTOS = YES_AGGRESSIVE;
				GCC_WARN_UNUSED_FUNCTION = YES;
				GCC_WARN_UNUSED_VARIABLE = YES;
				IPHONEOS_DEPLOYMENT_TARGET = 8.2;
				MTL_ENABLE_DEBUG_INFO = YES;
				ONLY_ACTIVE_ARCH = YES;
				SDKROOT = iphoneos;
				SWIFT_OPTIMIZATION_LEVEL = "-Onone";
			};
			name = Debug;
		};
		788DB77D1AB78BAD0038F062 /* Release */ = {
			isa = XCBuildConfiguration;
			buildSettings = {
				ALWAYS_SEARCH_USER_PATHS = NO;
				CLANG_CXX_LANGUAGE_STANDARD = "gnu++0x";
				CLANG_CXX_LIBRARY = "libc++";
				CLANG_ENABLE_MODULES = YES;
				CLANG_ENABLE_OBJC_ARC = YES;
				CLANG_WARN_BOOL_CONVERSION = YES;
				CLANG_WARN_CONSTANT_CONVERSION = YES;
				CLANG_WARN_DIRECT_OBJC_ISA_USAGE = YES_ERROR;
				CLANG_WARN_EMPTY_BODY = YES;
				CLANG_WARN_ENUM_CONVERSION = YES;
				CLANG_WARN_INT_CONVERSION = YES;
				CLANG_WARN_OBJC_ROOT_CLASS = YES_ERROR;
				CLANG_WARN_UNREACHABLE_CODE = YES;
				CLANG_WARN__DUPLICATE_METHOD_MATCH = YES;
				"CODE_SIGN_IDENTITY[sdk=iphoneos*]" = "iPhone Developer";
				COPY_PHASE_STRIP = NO;
				ENABLE_NS_ASSERTIONS = NO;
				ENABLE_STRICT_OBJC_MSGSEND = YES;
				GCC_C_LANGUAGE_STANDARD = gnu99;
				GCC_WARN_64_TO_32_BIT_CONVERSION = YES;
				GCC_WARN_ABOUT_RETURN_TYPE = YES_ERROR;
				GCC_WARN_UNDECLARED_SELECTOR = YES;
				GCC_WARN_UNINITIALIZED_AUTOS = YES_AGGRESSIVE;
				GCC_WARN_UNUSED_FUNCTION = YES;
				GCC_WARN_UNUSED_VARIABLE = YES;
				IPHONEOS_DEPLOYMENT_TARGET = 8.2;
				MTL_ENABLE_DEBUG_INFO = NO;
				SDKROOT = iphoneos;
				VALIDATE_PRODUCT = YES;
			};
			name = Release;
		};
		788DB77F1AB78BAD0038F062 /* Debug */ = {
			isa = XCBuildConfiguration;
			buildSettings = {
				ASSETCATALOG_COMPILER_APPICON_NAME = AppIcon;
				INFOPLIST_FILE = CTT2/Info.plist;
				LD_RUNPATH_SEARCH_PATHS = "$(inherited) @executable_path/Frameworks";
				PRODUCT_NAME = "$(TARGET_NAME)";
			};
			name = Debug;
		};
		788DB7801AB78BAD0038F062 /* Release */ = {
			isa = XCBuildConfiguration;
			buildSettings = {
				ASSETCATALOG_COMPILER_APPICON_NAME = AppIcon;
				INFOPLIST_FILE = CTT2/Info.plist;
				LD_RUNPATH_SEARCH_PATHS = "$(inherited) @executable_path/Frameworks";
				PRODUCT_NAME = "$(TARGET_NAME)";
			};
			name = Release;
		};
		788DB7821AB78BAD0038F062 /* Debug */ = {
			isa = XCBuildConfiguration;
			buildSettings = {
				BUNDLE_LOADER = "$(TEST_HOST)";
				FRAMEWORK_SEARCH_PATHS = (
					"$(SDKROOT)/Developer/Library/Frameworks",
					"$(inherited)",
				);
				GCC_PREPROCESSOR_DEFINITIONS = (
					"DEBUG=1",
					"$(inherited)",
				);
				INFOPLIST_FILE = CTT2Tests/Info.plist;
				LD_RUNPATH_SEARCH_PATHS = "$(inherited) @executable_path/Frameworks @loader_path/Frameworks";
				PRODUCT_NAME = "$(TARGET_NAME)";
				TEST_HOST = "$(BUILT_PRODUCTS_DIR)/CTT2.app/CTT2";
			};
			name = Debug;
		};
		788DB7831AB78BAD0038F062 /* Release */ = {
			isa = XCBuildConfiguration;
			buildSettings = {
				BUNDLE_LOADER = "$(TEST_HOST)";
				FRAMEWORK_SEARCH_PATHS = (
					"$(SDKROOT)/Developer/Library/Frameworks",
					"$(inherited)",
				);
				INFOPLIST_FILE = CTT2Tests/Info.plist;
				LD_RUNPATH_SEARCH_PATHS = "$(inherited) @executable_path/Frameworks @loader_path/Frameworks";
				PRODUCT_NAME = "$(TARGET_NAME)";
				TEST_HOST = "$(BUILT_PRODUCTS_DIR)/CTT2.app/CTT2";
			};
			name = Release;
		};
/* End XCBuildConfiguration section */

/* Begin XCConfigurationList section */
		788DB7571AB78BAD0038F062 /* Build configuration list for PBXProject "CTT2" */ = {
			isa = XCConfigurationList;
			buildConfigurations = (
				788DB77C1AB78BAD0038F062 /* Debug */,
				788DB77D1AB78BAD0038F062 /* Release */,
			);
			defaultConfigurationIsVisible = 0;
			defaultConfigurationName = Release;
		};
		788DB77E1AB78BAD0038F062 /* Build configuration list for PBXNativeTarget "CTT2" */ = {
			isa = XCConfigurationList;
			buildConfigurations = (
				788DB77F1AB78BAD0038F062 /* Debug */,
				788DB7801AB78BAD0038F062 /* Release */,
			);
			defaultConfigurationIsVisible = 0;
		};
		788DB7811AB78BAD0038F062 /* Build configuration list for PBXNativeTarget "CTT2Tests" */ = {
			isa = XCConfigurationList;
			buildConfigurations = (
				788DB7821AB78BAD0038F062 /* Debug */,
				788DB7831AB78BAD0038F062 /* Release */,
			);
			defaultConfigurationIsVisible = 0;
		};
/* End XCConfigurationList section */

/* Begin XCVersionGroup section */
		788DB7631AB78BAD0038F062 /* CTT2.xcdatamodeld */ = {
			isa = XCVersionGroup;
			children = (
				788DB7641AB78BAD0038F062 /* CTT2.xcdatamodel */,
			);
			currentVersion = 788DB7641AB78BAD0038F062 /* CTT2.xcdatamodel */;
			path = CTT2.xcdatamodeld;
			sourceTree = "<group>";
			versionGroupType = wrapper.xcdatamodel;
		};
/* End XCVersionGroup section */
	};
	rootObject = 788DB7541AB78BAD0038F062 /* Project object */;
}
