// !$*UTF8*$!
{
	archiveVersion = 1;
	classes = {
	};
	objectVersion = 46;
	objects = {

/* Begin PBXBuildFile section */
		7819717E1ADDE2A40095C63F /* AppDelegate.swift in Sources */ = {isa = PBXBuildFile; fileRef = 7819717D1ADDE2A40095C63F /* AppDelegate.swift */; };
		781971811ADDE2A40095C63F /* Experimental.xcdatamodeld in Sources */ = {isa = PBXBuildFile; fileRef = 7819717F1ADDE2A40095C63F /* Experimental.xcdatamodeld */; };
		781971831ADDE2A40095C63F /* ViewController.swift in Sources */ = {isa = PBXBuildFile; fileRef = 781971821ADDE2A40095C63F /* ViewController.swift */; };
		781971861ADDE2A40095C63F /* Main.storyboard in Resources */ = {isa = PBXBuildFile; fileRef = 781971841ADDE2A40095C63F /* Main.storyboard */; };
		781971881ADDE2A40095C63F /* Images.xcassets in Resources */ = {isa = PBXBuildFile; fileRef = 781971871ADDE2A40095C63F /* Images.xcassets */; };
		7819718B1ADDE2A40095C63F /* LaunchScreen.xib in Resources */ = {isa = PBXBuildFile; fileRef = 781971891ADDE2A40095C63F /* LaunchScreen.xib */; };
		781971971ADDE2A40095C63F /* ExperimentalTests.swift in Sources */ = {isa = PBXBuildFile; fileRef = 781971961ADDE2A40095C63F /* ExperimentalTests.swift */; };
		F79061F4732C06C95DF7FD36 /* Pods.framework in Frameworks */ = {isa = PBXBuildFile; fileRef = 035779BA44B72BB13753E344 /* Pods.framework */; settings = {ATTRIBUTES = (Weak, ); }; };
/* End PBXBuildFile section */

/* Begin PBXContainerItemProxy section */
		781971911ADDE2A40095C63F /* PBXContainerItemProxy */ = {
			isa = PBXContainerItemProxy;
			containerPortal = 781971701ADDE2A40095C63F /* Project object */;
			proxyType = 1;
			remoteGlobalIDString = 781971771ADDE2A40095C63F;
			remoteInfo = Experimental;
		};
/* End PBXContainerItemProxy section */

/* Begin PBXFileReference section */
		035779BA44B72BB13753E344 /* Pods.framework */ = {isa = PBXFileReference; explicitFileType = wrapper.framework; includeInIndex = 0; path = Pods.framework; sourceTree = BUILT_PRODUCTS_DIR; };
		34569E943C52F159FB33DC04 /* Pods.debug.xcconfig */ = {isa = PBXFileReference; includeInIndex = 1; lastKnownFileType = text.xcconfig; name = Pods.debug.xcconfig; path = "Pods/Target Support Files/Pods/Pods.debug.xcconfig"; sourceTree = "<group>"; };
		4A06AB09C799F89A209584D1 /* Pods.release.xcconfig */ = {isa = PBXFileReference; includeInIndex = 1; lastKnownFileType = text.xcconfig; name = Pods.release.xcconfig; path = "Pods/Target Support Files/Pods/Pods.release.xcconfig"; sourceTree = "<group>"; };
		781971781ADDE2A40095C63F /* Experimental.app */ = {isa = PBXFileReference; explicitFileType = wrapper.application; includeInIndex = 0; path = Experimental.app; sourceTree = BUILT_PRODUCTS_DIR; };
		7819717C1ADDE2A40095C63F /* Info.plist */ = {isa = PBXFileReference; lastKnownFileType = text.plist.xml; path = Info.plist; sourceTree = "<group>"; };
		7819717D1ADDE2A40095C63F /* AppDelegate.swift */ = {isa = PBXFileReference; lastKnownFileType = sourcecode.swift; path = AppDelegate.swift; sourceTree = "<group>"; };
		781971801ADDE2A40095C63F /* Experimental.xcdatamodel */ = {isa = PBXFileReference; lastKnownFileType = wrapper.xcdatamodel; path = Experimental.xcdatamodel; sourceTree = "<group>"; };
		781971821ADDE2A40095C63F /* ViewController.swift */ = {isa = PBXFileReference; lastKnownFileType = sourcecode.swift; path = ViewController.swift; sourceTree = "<group>"; };
		781971851ADDE2A40095C63F /* Base */ = {isa = PBXFileReference; lastKnownFileType = file.storyboard; name = Base; path = Base.lproj/Main.storyboard; sourceTree = "<group>"; };
		781971871ADDE2A40095C63F /* Images.xcassets */ = {isa = PBXFileReference; lastKnownFileType = folder.assetcatalog; path = Images.xcassets; sourceTree = "<group>"; };
		7819718A1ADDE2A40095C63F /* Base */ = {isa = PBXFileReference; lastKnownFileType = file.xib; name = Base; path = Base.lproj/LaunchScreen.xib; sourceTree = "<group>"; };
		781971901ADDE2A40095C63F /* ExperimentalTests.xctest */ = {isa = PBXFileReference; explicitFileType = wrapper.cfbundle; includeInIndex = 0; path = ExperimentalTests.xctest; sourceTree = BUILT_PRODUCTS_DIR; };
		781971951ADDE2A40095C63F /* Info.plist */ = {isa = PBXFileReference; lastKnownFileType = text.plist.xml; path = Info.plist; sourceTree = "<group>"; };
		781971961ADDE2A40095C63F /* ExperimentalTests.swift */ = {isa = PBXFileReference; lastKnownFileType = sourcecode.swift; path = ExperimentalTests.swift; sourceTree = "<group>"; };
/* End PBXFileReference section */

/* Begin PBXFrameworksBuildPhase section */
		781971751ADDE2A40095C63F /* Frameworks */ = {
			isa = PBXFrameworksBuildPhase;
			buildActionMask = 2147483647;
			files = (
				F79061F4732C06C95DF7FD36 /* Pods.framework in Frameworks */,
			);
			runOnlyForDeploymentPostprocessing = 0;
		};
		7819718D1ADDE2A40095C63F /* Frameworks */ = {
			isa = PBXFrameworksBuildPhase;
			buildActionMask = 2147483647;
			files = (
			);
			runOnlyForDeploymentPostprocessing = 0;
		};
/* End PBXFrameworksBuildPhase section */

/* Begin PBXGroup section */
		647137182D4B187ECE0370AE /* Pods */ = {
			isa = PBXGroup;
			children = (
				34569E943C52F159FB33DC04 /* Pods.debug.xcconfig */,
				4A06AB09C799F89A209584D1 /* Pods.release.xcconfig */,
			);
			name = Pods;
			sourceTree = "<group>";
		};
		7819716F1ADDE2A40095C63F = {
			isa = PBXGroup;
			children = (
				7819717A1ADDE2A40095C63F /* Experimental */,
				781971931ADDE2A40095C63F /* ExperimentalTests */,
				781971791ADDE2A40095C63F /* Products */,
				647137182D4B187ECE0370AE /* Pods */,
				A88A2897DBF5CFBECDAD2F08 /* Frameworks */,
			);
			sourceTree = "<group>";
		};
		781971791ADDE2A40095C63F /* Products */ = {
			isa = PBXGroup;
			children = (
				781971781ADDE2A40095C63F /* Experimental.app */,
				781971901ADDE2A40095C63F /* ExperimentalTests.xctest */,
			);
			name = Products;
			sourceTree = "<group>";
		};
		7819717A1ADDE2A40095C63F /* Experimental */ = {
			isa = PBXGroup;
			children = (
				7819717D1ADDE2A40095C63F /* AppDelegate.swift */,
				781971821ADDE2A40095C63F /* ViewController.swift */,
				781971841ADDE2A40095C63F /* Main.storyboard */,
				781971871ADDE2A40095C63F /* Images.xcassets */,
				781971891ADDE2A40095C63F /* LaunchScreen.xib */,
				7819717F1ADDE2A40095C63F /* Experimental.xcdatamodeld */,
				7819717B1ADDE2A40095C63F /* Supporting Files */,
			);
			path = Experimental;
			sourceTree = "<group>";
		};
		7819717B1ADDE2A40095C63F /* Supporting Files */ = {
			isa = PBXGroup;
			children = (
				7819717C1ADDE2A40095C63F /* Info.plist */,
			);
			name = "Supporting Files";
			sourceTree = "<group>";
		};
		781971931ADDE2A40095C63F /* ExperimentalTests */ = {
			isa = PBXGroup;
			children = (
				781971961ADDE2A40095C63F /* ExperimentalTests.swift */,
				781971941ADDE2A40095C63F /* Supporting Files */,
			);
			path = ExperimentalTests;
			sourceTree = "<group>";
		};
		781971941ADDE2A40095C63F /* Supporting Files */ = {
			isa = PBXGroup;
			children = (
				781971951ADDE2A40095C63F /* Info.plist */,
			);
			name = "Supporting Files";
			sourceTree = "<group>";
		};
		A88A2897DBF5CFBECDAD2F08 /* Frameworks */ = {
			isa = PBXGroup;
			children = (
				035779BA44B72BB13753E344 /* Pods.framework */,
			);
			name = Frameworks;
			sourceTree = "<group>";
		};
/* End PBXGroup section */

/* Begin PBXNativeTarget section */
		781971771ADDE2A40095C63F /* Experimental */ = {
			isa = PBXNativeTarget;
			buildConfigurationList = 7819719A1ADDE2A40095C63F /* Build configuration list for PBXNativeTarget "Experimental" */;
			buildPhases = (
				92582B7EACD2DA566D2CFBF4 /* Check Pods Manifest.lock */,
				781971741ADDE2A40095C63F /* Sources */,
				781971751ADDE2A40095C63F /* Frameworks */,
				781971761ADDE2A40095C63F /* Resources */,
				FEF9DB8A4272DE2A0CAE24AA /* Embed Pods Frameworks */,
				87DA5BED52519C760B813A52 /* Copy Pods Resources */,
			);
			buildRules = (
			);
			dependencies = (
			);
			name = Experimental;
			productName = Experimental;
			productReference = 781971781ADDE2A40095C63F /* Experimental.app */;
			productType = "com.apple.product-type.application";
		};
		7819718F1ADDE2A40095C63F /* ExperimentalTests */ = {
			isa = PBXNativeTarget;
			buildConfigurationList = 7819719D1ADDE2A40095C63F /* Build configuration list for PBXNativeTarget "ExperimentalTests" */;
			buildPhases = (
				7819718C1ADDE2A40095C63F /* Sources */,
				7819718D1ADDE2A40095C63F /* Frameworks */,
				7819718E1ADDE2A40095C63F /* Resources */,
			);
			buildRules = (
			);
			dependencies = (
				781971921ADDE2A40095C63F /* PBXTargetDependency */,
			);
			name = ExperimentalTests;
			productName = ExperimentalTests;
			productReference = 781971901ADDE2A40095C63F /* ExperimentalTests.xctest */;
			productType = "com.apple.product-type.bundle.unit-test";
		};
/* End PBXNativeTarget section */

/* Begin PBXProject section */
		781971701ADDE2A40095C63F /* Project object */ = {
			isa = PBXProject;
			attributes = {
				LastUpgradeCheck = 0630;
				ORGANIZATIONNAME = "Alexis Saint-Jean";
				TargetAttributes = {
					781971771ADDE2A40095C63F = {
						CreatedOnToolsVersion = 6.3;
					};
					7819718F1ADDE2A40095C63F = {
						CreatedOnToolsVersion = 6.3;
						TestTargetID = 781971771ADDE2A40095C63F;
					};
				};
			};
			buildConfigurationList = 781971731ADDE2A40095C63F /* Build configuration list for PBXProject "Experimental" */;
			compatibilityVersion = "Xcode 3.2";
			developmentRegion = English;
			hasScannedForEncodings = 0;
			knownRegions = (
				en,
				Base,
			);
			mainGroup = 7819716F1ADDE2A40095C63F;
			productRefGroup = 781971791ADDE2A40095C63F /* Products */;
			projectDirPath = "";
			projectRoot = "";
			targets = (
				781971771ADDE2A40095C63F /* Experimental */,
				7819718F1ADDE2A40095C63F /* ExperimentalTests */,
			);
		};
/* End PBXProject section */

/* Begin PBXResourcesBuildPhase section */
		781971761ADDE2A40095C63F /* Resources */ = {
			isa = PBXResourcesBuildPhase;
			buildActionMask = 2147483647;
			files = (
				781971861ADDE2A40095C63F /* Main.storyboard in Resources */,
				7819718B1ADDE2A40095C63F /* LaunchScreen.xib in Resources */,
				781971881ADDE2A40095C63F /* Images.xcassets in Resources */,
			);
			runOnlyForDeploymentPostprocessing = 0;
		};
		7819718E1ADDE2A40095C63F /* Resources */ = {
			isa = PBXResourcesBuildPhase;
			buildActionMask = 2147483647;
			files = (
			);
			runOnlyForDeploymentPostprocessing = 0;
		};
/* End PBXResourcesBuildPhase section */

/* Begin PBXShellScriptBuildPhase section */
		87DA5BED52519C760B813A52 /* Copy Pods Resources */ = {
			isa = PBXShellScriptBuildPhase;
			buildActionMask = 2147483647;
			files = (
			);
			inputPaths = (
			);
			name = "Copy Pods Resources";
			outputPaths = (
			);
			runOnlyForDeploymentPostprocessing = 0;
			shellPath = /bin/sh;
			shellScript = "\"${SRCROOT}/Pods/Target Support Files/Pods/Pods-resources.sh\"\n";
			showEnvVarsInLog = 0;
		};
		92582B7EACD2DA566D2CFBF4 /* Check Pods Manifest.lock */ = {
			isa = PBXShellScriptBuildPhase;
			buildActionMask = 2147483647;
			files = (
			);
			inputPaths = (
			);
			name = "Check Pods Manifest.lock";
			outputPaths = (
			);
			runOnlyForDeploymentPostprocessing = 0;
			shellPath = /bin/sh;
			shellScript = "diff \"${PODS_ROOT}/../Podfile.lock\" \"${PODS_ROOT}/Manifest.lock\" > /dev/null\nif [[ $? != 0 ]] ; then\n    cat << EOM\nerror: The sandbox is not in sync with the Podfile.lock. Run 'pod install' or update your CocoaPods installation.\nEOM\n    exit 1\nfi\n";
			showEnvVarsInLog = 0;
		};
		FEF9DB8A4272DE2A0CAE24AA /* Embed Pods Frameworks */ = {
			isa = PBXShellScriptBuildPhase;
			buildActionMask = 2147483647;
			files = (
			);
			inputPaths = (
			);
			name = "Embed Pods Frameworks";
			outputPaths = (
			);
			runOnlyForDeploymentPostprocessing = 0;
			shellPath = /bin/sh;
			shellScript = "\"${SRCROOT}/Pods/Target Support Files/Pods/Pods-frameworks.sh\"\n";
			showEnvVarsInLog = 0;
		};
/* End PBXShellScriptBuildPhase section */

/* Begin PBXSourcesBuildPhase section */
		781971741ADDE2A40095C63F /* Sources */ = {
			isa = PBXSourcesBuildPhase;
			buildActionMask = 2147483647;
			files = (
				781971831ADDE2A40095C63F /* ViewController.swift in Sources */,
				7819717E1ADDE2A40095C63F /* AppDelegate.swift in Sources */,
				781971811ADDE2A40095C63F /* Experimental.xcdatamodeld in Sources */,
			);
			runOnlyForDeploymentPostprocessing = 0;
		};
		7819718C1ADDE2A40095C63F /* Sources */ = {
			isa = PBXSourcesBuildPhase;
			buildActionMask = 2147483647;
			files = (
				781971971ADDE2A40095C63F /* ExperimentalTests.swift in Sources */,
			);
			runOnlyForDeploymentPostprocessing = 0;
		};
/* End PBXSourcesBuildPhase section */

/* Begin PBXTargetDependency section */
		781971921ADDE2A40095C63F /* PBXTargetDependency */ = {
			isa = PBXTargetDependency;
			target = 781971771ADDE2A40095C63F /* Experimental */;
			targetProxy = 781971911ADDE2A40095C63F /* PBXContainerItemProxy */;
		};
/* End PBXTargetDependency section */

/* Begin PBXVariantGroup section */
		781971841ADDE2A40095C63F /* Main.storyboard */ = {
			isa = PBXVariantGroup;
			children = (
				781971851ADDE2A40095C63F /* Base */,
			);
			name = Main.storyboard;
			sourceTree = "<group>";
		};
		781971891ADDE2A40095C63F /* LaunchScreen.xib */ = {
			isa = PBXVariantGroup;
			children = (
				7819718A1ADDE2A40095C63F /* Base */,
			);
			name = LaunchScreen.xib;
			sourceTree = "<group>";
		};
/* End PBXVariantGroup section */

/* Begin XCBuildConfiguration section */
		781971981ADDE2A40095C63F /* Debug */ = {
			isa = XCBuildConfiguration;
			buildSettings = {
				ALWAYS_SEARCH_USER_PATHS = NO;
				CLANG_CXX_LANGUAGE_STANDARD = "gnu++0x";
				CLANG_CXX_LIBRARY = "libc++";
				CLANG_ENABLE_MODULES = YES;
				CLANG_ENABLE_OBJC_ARC = YES;
				CLANG_WARN_BOOL_CONVERSION = YES;
				CLANG_WARN_CONSTANT_CONVERSION = YES;
				CLANG_WARN_DIRECT_OBJC_ISA_USAGE = YES_ERROR;
				CLANG_WARN_EMPTY_BODY = YES;
				CLANG_WARN_ENUM_CONVERSION = YES;
				CLANG_WARN_INT_CONVERSION = YES;
				CLANG_WARN_OBJC_ROOT_CLASS = YES_ERROR;
				CLANG_WARN_UNREACHABLE_CODE = YES;
				CLANG_WARN__DUPLICATE_METHOD_MATCH = YES;
				"CODE_SIGN_IDENTITY[sdk=iphoneos*]" = "iPhone Developer";
				COPY_PHASE_STRIP = NO;
				DEBUG_INFORMATION_FORMAT = "dwarf-with-dsym";
				ENABLE_STRICT_OBJC_MSGSEND = YES;
				GCC_C_LANGUAGE_STANDARD = gnu99;
				GCC_DYNAMIC_NO_PIC = NO;
				GCC_NO_COMMON_BLOCKS = YES;
				GCC_OPTIMIZATION_LEVEL = 0;
				GCC_PREPROCESSOR_DEFINITIONS = (
					"DEBUG=1",
					"$(inherited)",
				);
				GCC_SYMBOLS_PRIVATE_EXTERN = NO;
				GCC_WARN_64_TO_32_BIT_CONVERSION = YES;
				GCC_WARN_ABOUT_RETURN_TYPE = YES_ERROR;
				GCC_WARN_UNDECLARED_SELECTOR = YES;
				GCC_WARN_UNINITIALIZED_AUTOS = YES_AGGRESSIVE;
				GCC_WARN_UNUSED_FUNCTION = YES;
				GCC_WARN_UNUSED_VARIABLE = YES;
				IPHONEOS_DEPLOYMENT_TARGET = 8.3;
				MTL_ENABLE_DEBUG_INFO = YES;
				ONLY_ACTIVE_ARCH = YES;
				SDKROOT = iphoneos;
				SWIFT_OPTIMIZATION_LEVEL = "-Onone";
			};
			name = Debug;
		};
		781971991ADDE2A40095C63F /* Release */ = {
			isa = XCBuildConfiguration;
			buildSettings = {
				ALWAYS_SEARCH_USER_PATHS = NO;
				CLANG_CXX_LANGUAGE_STANDARD = "gnu++0x";
				CLANG_CXX_LIBRARY = "libc++";
				CLANG_ENABLE_MODULES = YES;
				CLANG_ENABLE_OBJC_ARC = YES;
				CLANG_WARN_BOOL_CONVERSION = YES;
				CLANG_WARN_CONSTANT_CONVERSION = YES;
				CLANG_WARN_DIRECT_OBJC_ISA_USAGE = YES_ERROR;
				CLANG_WARN_EMPTY_BODY = YES;
				CLANG_WARN_ENUM_CONVERSION = YES;
				CLANG_WARN_INT_CONVERSION = YES;
				CLANG_WARN_OBJC_ROOT_CLASS = YES_ERROR;
				CLANG_WARN_UNREACHABLE_CODE = YES;
				CLANG_WARN__DUPLICATE_METHOD_MATCH = YES;
				"CODE_SIGN_IDENTITY[sdk=iphoneos*]" = "iPhone Developer";
				COPY_PHASE_STRIP = NO;
				DEBUG_INFORMATION_FORMAT = "dwarf-with-dsym";
				ENABLE_NS_ASSERTIONS = NO;
				ENABLE_STRICT_OBJC_MSGSEND = YES;
				GCC_C_LANGUAGE_STANDARD = gnu99;
				GCC_NO_COMMON_BLOCKS = YES;
				GCC_WARN_64_TO_32_BIT_CONVERSION = YES;
				GCC_WARN_ABOUT_RETURN_TYPE = YES_ERROR;
				GCC_WARN_UNDECLARED_SELECTOR = YES;
				GCC_WARN_UNINITIALIZED_AUTOS = YES_AGGRESSIVE;
				GCC_WARN_UNUSED_FUNCTION = YES;
				GCC_WARN_UNUSED_VARIABLE = YES;
				IPHONEOS_DEPLOYMENT_TARGET = 8.3;
				MTL_ENABLE_DEBUG_INFO = NO;
				SDKROOT = iphoneos;
				VALIDATE_PRODUCT = YES;
			};
			name = Release;
		};
		7819719B1ADDE2A40095C63F /* Debug */ = {
			isa = XCBuildConfiguration;
			baseConfigurationReference = 34569E943C52F159FB33DC04 /* Pods.debug.xcconfig */;
			buildSettings = {
				ASSETCATALOG_COMPILER_APPICON_NAME = AppIcon;
				INFOPLIST_FILE = Experimental/Info.plist;
				LD_RUNPATH_SEARCH_PATHS = "$(inherited) @executable_path/Frameworks";
				PRODUCT_NAME = "$(TARGET_NAME)";
			};
			name = Debug;
		};
		7819719C1ADDE2A40095C63F /* Release */ = {
			isa = XCBuildConfiguration;
			baseConfigurationReference = 4A06AB09C799F89A209584D1 /* Pods.release.xcconfig */;
			buildSettings = {
				ASSETCATALOG_COMPILER_APPICON_NAME = AppIcon;
				INFOPLIST_FILE = Experimental/Info.plist;
				LD_RUNPATH_SEARCH_PATHS = "$(inherited) @executable_path/Frameworks";
				PRODUCT_NAME = "$(TARGET_NAME)";
			};
			name = Release;
		};
		7819719E1ADDE2A40095C63F /* Debug */ = {
			isa = XCBuildConfiguration;
			buildSettings = {
				BUNDLE_LOADER = "$(TEST_HOST)";
				FRAMEWORK_SEARCH_PATHS = (
					"$(SDKROOT)/Developer/Library/Frameworks",
					"$(inherited)",
				);
				GCC_PREPROCESSOR_DEFINITIONS = (
					"DEBUG=1",
					"$(inherited)",
				);
				INFOPLIST_FILE = ExperimentalTests/Info.plist;
				LD_RUNPATH_SEARCH_PATHS = "$(inherited) @executable_path/Frameworks @loader_path/Frameworks";
				PRODUCT_NAME = "$(TARGET_NAME)";
				TEST_HOST = "$(BUILT_PRODUCTS_DIR)/Experimental.app/Experimental";
			};
			name = Debug;
		};
		7819719F1ADDE2A40095C63F /* Release */ = {
			isa = XCBuildConfiguration;
			buildSettings = {
				BUNDLE_LOADER = "$(TEST_HOST)";
				FRAMEWORK_SEARCH_PATHS = (
					"$(SDKROOT)/Developer/Library/Frameworks",
					"$(inherited)",
				);
				INFOPLIST_FILE = ExperimentalTests/Info.plist;
				LD_RUNPATH_SEARCH_PATHS = "$(inherited) @executable_path/Frameworks @loader_path/Frameworks";
				PRODUCT_NAME = "$(TARGET_NAME)";
				TEST_HOST = "$(BUILT_PRODUCTS_DIR)/Experimental.app/Experimental";
			};
			name = Release;
		};
/* End XCBuildConfiguration section */

/* Begin XCConfigurationList section */
		781971731ADDE2A40095C63F /* Build configuration list for PBXProject "Experimental" */ = {
			isa = XCConfigurationList;
			buildConfigurations = (
				781971981ADDE2A40095C63F /* Debug */,
				781971991ADDE2A40095C63F /* Release */,
			);
			defaultConfigurationIsVisible = 0;
			defaultConfigurationName = Release;
		};
		7819719A1ADDE2A40095C63F /* Build configuration list for PBXNativeTarget "Experimental" */ = {
			isa = XCConfigurationList;
			buildConfigurations = (
				7819719B1ADDE2A40095C63F /* Debug */,
				7819719C1ADDE2A40095C63F /* Release */,
			);
			defaultConfigurationIsVisible = 0;
			defaultConfigurationName = Release;
		};
		7819719D1ADDE2A40095C63F /* Build configuration list for PBXNativeTarget "ExperimentalTests" */ = {
			isa = XCConfigurationList;
			buildConfigurations = (
				7819719E1ADDE2A40095C63F /* Debug */,
				7819719F1ADDE2A40095C63F /* Release */,
			);
			defaultConfigurationIsVisible = 0;
			defaultConfigurationName = Release;
		};
/* End XCConfigurationList section */

/* Begin XCVersionGroup section */
		7819717F1ADDE2A40095C63F /* Experimental.xcdatamodeld */ = {
			isa = XCVersionGroup;
			children = (
				781971801ADDE2A40095C63F /* Experimental.xcdatamodel */,
			);
			currentVersion = 781971801ADDE2A40095C63F /* Experimental.xcdatamodel */;
			path = Experimental.xcdatamodeld;
			sourceTree = "<group>";
			versionGroupType = wrapper.xcdatamodel;
		};
/* End XCVersionGroup section */
	};
	rootObject = 781971701ADDE2A40095C63F /* Project object */;
}
