// !$*UTF8*$!
{
	archiveVersion = 1;
	classes = {
	};
	objectVersion = 46;
	objects = {

/* Begin PBXBuildFile section */
		788C7FF31ADDE0D90015388D /* AppDelegate.swift in Sources */ = {isa = PBXBuildFile; fileRef = 788C7FF21ADDE0D90015388D /* AppDelegate.swift */; };
		788C7FF61ADDE0D90015388D /* CloserToTruthDaily.xcdatamodeld in Sources */ = {isa = PBXBuildFile; fileRef = 788C7FF41ADDE0D90015388D /* CloserToTruthDaily.xcdatamodeld */; };
		788C7FF81ADDE0D90015388D /* ViewController.swift in Sources */ = {isa = PBXBuildFile; fileRef = 788C7FF71ADDE0D90015388D /* ViewController.swift */; };
		788C7FFB1ADDE0D90015388D /* Main.storyboard in Resources */ = {isa = PBXBuildFile; fileRef = 788C7FF91ADDE0D90015388D /* Main.storyboard */; };
		788C7FFD1ADDE0D90015388D /* Images.xcassets in Resources */ = {isa = PBXBuildFile; fileRef = 788C7FFC1ADDE0D90015388D /* Images.xcassets */; };
		788C80001ADDE0D90015388D /* LaunchScreen.xib in Resources */ = {isa = PBXBuildFile; fileRef = 788C7FFE1ADDE0D90015388D /* LaunchScreen.xib */; };
		788C800C1ADDE0D90015388D /* CloserToTruthDailyTests.swift in Sources */ = {isa = PBXBuildFile; fileRef = 788C800B1ADDE0D90015388D /* CloserToTruthDailyTests.swift */; };
		8F12D1B74BC49917C598364C /* libPods.a in Frameworks */ = {isa = PBXBuildFile; fileRef = DC2C7C215C45193405162418 /* libPods.a */; };
/* End PBXBuildFile section */

/* Begin PBXContainerItemProxy section */
		788C80061ADDE0D90015388D /* PBXContainerItemProxy */ = {
			isa = PBXContainerItemProxy;
			containerPortal = 788C7FE51ADDE0D80015388D /* Project object */;
			proxyType = 1;
			remoteGlobalIDString = 788C7FEC1ADDE0D80015388D;
			remoteInfo = CloserToTruthDaily;
		};
/* End PBXContainerItemProxy section */

/* Begin PBXFileReference section */
		30485E2F0999AD00C35B3AAB /* Pods.debug.xcconfig */ = {isa = PBXFileReference; includeInIndex = 1; lastKnownFileType = text.xcconfig; name = Pods.debug.xcconfig; path = "Pods/Target Support Files/Pods/Pods.debug.xcconfig"; sourceTree = "<group>"; };
		788814B41ADDE7BF001702B3 /* CloserToTruthDaily-Bridging-Header.h */ = {isa = PBXFileReference; lastKnownFileType = sourcecode.c.h; path = "CloserToTruthDaily-Bridging-Header.h"; sourceTree = "<group>"; };
		788C7FED1ADDE0D90015388D /* CloserToTruthDaily.app */ = {isa = PBXFileReference; explicitFileType = wrapper.application; includeInIndex = 0; path = CloserToTruthDaily.app; sourceTree = BUILT_PRODUCTS_DIR; };
		788C7FF11ADDE0D90015388D /* Info.plist */ = {isa = PBXFileReference; lastKnownFileType = text.plist.xml; path = Info.plist; sourceTree = "<group>"; };
		788C7FF21ADDE0D90015388D /* AppDelegate.swift */ = {isa = PBXFileReference; lastKnownFileType = sourcecode.swift; path = AppDelegate.swift; sourceTree = "<group>"; };
		788C7FF51ADDE0D90015388D /* CloserToTruthDaily.xcdatamodel */ = {isa = PBXFileReference; lastKnownFileType = wrapper.xcdatamodel; path = CloserToTruthDaily.xcdatamodel; sourceTree = "<group>"; };
		788C7FF71ADDE0D90015388D /* ViewController.swift */ = {isa = PBXFileReference; lastKnownFileType = sourcecode.swift; path = ViewController.swift; sourceTree = "<group>"; };
		788C7FFA1ADDE0D90015388D /* Base */ = {isa = PBXFileReference; lastKnownFileType = file.storyboard; name = Base; path = Base.lproj/Main.storyboard; sourceTree = "<group>"; };
		788C7FFC1ADDE0D90015388D /* Images.xcassets */ = {isa = PBXFileReference; lastKnownFileType = folder.assetcatalog; path = Images.xcassets; sourceTree = "<group>"; };
		788C7FFF1ADDE0D90015388D /* Base */ = {isa = PBXFileReference; lastKnownFileType = file.xib; name = Base; path = Base.lproj/LaunchScreen.xib; sourceTree = "<group>"; };
		788C80051ADDE0D90015388D /* CloserToTruthDailyTests.xctest */ = {isa = PBXFileReference; explicitFileType = wrapper.cfbundle; includeInIndex = 0; path = CloserToTruthDailyTests.xctest; sourceTree = BUILT_PRODUCTS_DIR; };
		788C800A1ADDE0D90015388D /* Info.plist */ = {isa = PBXFileReference; lastKnownFileType = text.plist.xml; path = Info.plist; sourceTree = "<group>"; };
		788C800B1ADDE0D90015388D /* CloserToTruthDailyTests.swift */ = {isa = PBXFileReference; lastKnownFileType = sourcecode.swift; path = CloserToTruthDailyTests.swift; sourceTree = "<group>"; };
		A02676F5BD5D22E960644C7F /* Pods.release.xcconfig */ = {isa = PBXFileReference; includeInIndex = 1; lastKnownFileType = text.xcconfig; name = Pods.release.xcconfig; path = "Pods/Target Support Files/Pods/Pods.release.xcconfig"; sourceTree = "<group>"; };
		DC2C7C215C45193405162418 /* libPods.a */ = {isa = PBXFileReference; explicitFileType = archive.ar; includeInIndex = 0; path = libPods.a; sourceTree = BUILT_PRODUCTS_DIR; };
/* End PBXFileReference section */

/* Begin PBXFrameworksBuildPhase section */
		788C7FEA1ADDE0D80015388D /* Frameworks */ = {
			isa = PBXFrameworksBuildPhase;
			buildActionMask = 2147483647;
			files = (
				8F12D1B74BC49917C598364C /* libPods.a in Frameworks */,
			);
			runOnlyForDeploymentPostprocessing = 0;
		};
		788C80021ADDE0D90015388D /* Frameworks */ = {
			isa = PBXFrameworksBuildPhase;
			buildActionMask = 2147483647;
			files = (
			);
			runOnlyForDeploymentPostprocessing = 0;
		};
/* End PBXFrameworksBuildPhase section */

/* Begin PBXGroup section */
		788C7FE41ADDE0D80015388D = {
			isa = PBXGroup;
			children = (
				788C7FEF1ADDE0D90015388D /* CloserToTruthDaily */,
				788C80081ADDE0D90015388D /* CloserToTruthDailyTests */,
				788C7FEE1ADDE0D90015388D /* Products */,
				91EBCF011FAD0A143E80C13E /* Pods */,
				D2B33883B17B5A46F4AF2360 /* Frameworks */,
				788814B41ADDE7BF001702B3 /* CloserToTruthDaily-Bridging-Header.h */,
			);
			sourceTree = "<group>";
		};
		788C7FEE1ADDE0D90015388D /* Products */ = {
			isa = PBXGroup;
			children = (
				788C7FED1ADDE0D90015388D /* CloserToTruthDaily.app */,
				788C80051ADDE0D90015388D /* CloserToTruthDailyTests.xctest */,
			);
			name = Products;
			sourceTree = "<group>";
		};
		788C7FEF1ADDE0D90015388D /* CloserToTruthDaily */ = {
			isa = PBXGroup;
			children = (
				788C7FF21ADDE0D90015388D /* AppDelegate.swift */,
				788C7FF71ADDE0D90015388D /* ViewController.swift */,
				788C7FF91ADDE0D90015388D /* Main.storyboard */,
				788C7FFC1ADDE0D90015388D /* Images.xcassets */,
				788C7FFE1ADDE0D90015388D /* LaunchScreen.xib */,
				788C7FF41ADDE0D90015388D /* CloserToTruthDaily.xcdatamodeld */,
				788C7FF01ADDE0D90015388D /* Supporting Files */,
			);
			path = CloserToTruthDaily;
			sourceTree = "<group>";
		};
		788C7FF01ADDE0D90015388D /* Supporting Files */ = {
			isa = PBXGroup;
			children = (
				788C7FF11ADDE0D90015388D /* Info.plist */,
			);
			name = "Supporting Files";
			sourceTree = "<group>";
		};
		788C80081ADDE0D90015388D /* CloserToTruthDailyTests */ = {
			isa = PBXGroup;
			children = (
				788C800B1ADDE0D90015388D /* CloserToTruthDailyTests.swift */,
				788C80091ADDE0D90015388D /* Supporting Files */,
			);
			path = CloserToTruthDailyTests;
			sourceTree = "<group>";
		};
		788C80091ADDE0D90015388D /* Supporting Files */ = {
			isa = PBXGroup;
			children = (
				788C800A1ADDE0D90015388D /* Info.plist */,
			);
			name = "Supporting Files";
			sourceTree = "<group>";
		};
		91EBCF011FAD0A143E80C13E /* Pods */ = {
			isa = PBXGroup;
			children = (
				30485E2F0999AD00C35B3AAB /* Pods.debug.xcconfig */,
				A02676F5BD5D22E960644C7F /* Pods.release.xcconfig */,
			);
			name = Pods;
			sourceTree = "<group>";
		};
		D2B33883B17B5A46F4AF2360 /* Frameworks */ = {
			isa = PBXGroup;
			children = (
				DC2C7C215C45193405162418 /* libPods.a */,
			);
			name = Frameworks;
			sourceTree = "<group>";
		};
/* End PBXGroup section */

/* Begin PBXNativeTarget section */
		788C7FEC1ADDE0D80015388D /* CloserToTruthDaily */ = {
			isa = PBXNativeTarget;
			buildConfigurationList = 788C800F1ADDE0D90015388D /* Build configuration list for PBXNativeTarget "CloserToTruthDaily" */;
			buildPhases = (
				92BA55D7443CD83A83277EF1 /* Check Pods Manifest.lock */,
				788C7FE91ADDE0D80015388D /* Sources */,
				788C7FEA1ADDE0D80015388D /* Frameworks */,
				788C7FEB1ADDE0D80015388D /* Resources */,
				ED63DF1823DC9DE0B1CCDFCC /* Copy Pods Resources */,
			);
			buildRules = (
			);
			dependencies = (
			);
			name = CloserToTruthDaily;
			productName = CloserToTruthDaily;
			productReference = 788C7FED1ADDE0D90015388D /* CloserToTruthDaily.app */;
			productType = "com.apple.product-type.application";
		};
		788C80041ADDE0D90015388D /* CloserToTruthDailyTests */ = {
			isa = PBXNativeTarget;
			buildConfigurationList = 788C80121ADDE0D90015388D /* Build configuration list for PBXNativeTarget "CloserToTruthDailyTests" */;
			buildPhases = (
				788C80011ADDE0D90015388D /* Sources */,
				788C80021ADDE0D90015388D /* Frameworks */,
				788C80031ADDE0D90015388D /* Resources */,
			);
			buildRules = (
			);
			dependencies = (
				788C80071ADDE0D90015388D /* PBXTargetDependency */,
			);
			name = CloserToTruthDailyTests;
			productName = CloserToTruthDailyTests;
			productReference = 788C80051ADDE0D90015388D /* CloserToTruthDailyTests.xctest */;
			productType = "com.apple.product-type.bundle.unit-test";
		};
/* End PBXNativeTarget section */

/* Begin PBXProject section */
		788C7FE51ADDE0D80015388D /* Project object */ = {
			isa = PBXProject;
			attributes = {
				LastUpgradeCheck = 0630;
				ORGANIZATIONNAME = "Alexis Saint-Jean";
				TargetAttributes = {
					788C7FEC1ADDE0D80015388D = {
						CreatedOnToolsVersion = 6.3;
					};
					788C80041ADDE0D90015388D = {
						CreatedOnToolsVersion = 6.3;
						TestTargetID = 788C7FEC1ADDE0D80015388D;
					};
				};
			};
			buildConfigurationList = 788C7FE81ADDE0D80015388D /* Build configuration list for PBXProject "CloserToTruthDaily" */;
			compatibilityVersion = "Xcode 3.2";
			developmentRegion = English;
			hasScannedForEncodings = 0;
			knownRegions = (
				en,
				Base,
			);
			mainGroup = 788C7FE41ADDE0D80015388D;
			productRefGroup = 788C7FEE1ADDE0D90015388D /* Products */;
			projectDirPath = "";
			projectRoot = "";
			targets = (
				788C7FEC1ADDE0D80015388D /* CloserToTruthDaily */,
				788C80041ADDE0D90015388D /* CloserToTruthDailyTests */,
			);
		};
/* End PBXProject section */

/* Begin PBXResourcesBuildPhase section */
		788C7FEB1ADDE0D80015388D /* Resources */ = {
			isa = PBXResourcesBuildPhase;
			buildActionMask = 2147483647;
			files = (
				788C7FFB1ADDE0D90015388D /* Main.storyboard in Resources */,
				788C80001ADDE0D90015388D /* LaunchScreen.xib in Resources */,
				788C7FFD1ADDE0D90015388D /* Images.xcassets in Resources */,
			);
			runOnlyForDeploymentPostprocessing = 0;
		};
		788C80031ADDE0D90015388D /* Resources */ = {
			isa = PBXResourcesBuildPhase;
			buildActionMask = 2147483647;
			files = (
			);
			runOnlyForDeploymentPostprocessing = 0;
		};
/* End PBXResourcesBuildPhase section */

/* Begin PBXShellScriptBuildPhase section */
		92BA55D7443CD83A83277EF1 /* Check Pods Manifest.lock */ = {
			isa = PBXShellScriptBuildPhase;
			buildActionMask = 2147483647;
			files = (
			);
			inputPaths = (
			);
			name = "Check Pods Manifest.lock";
			outputPaths = (
			);
			runOnlyForDeploymentPostprocessing = 0;
			shellPath = /bin/sh;
			shellScript = "diff \"${PODS_ROOT}/../Podfile.lock\" \"${PODS_ROOT}/Manifest.lock\" > /dev/null\nif [[ $? != 0 ]] ; then\n    cat << EOM\nerror: The sandbox is not in sync with the Podfile.lock. Run 'pod install' or update your CocoaPods installation.\nEOM\n    exit 1\nfi\n";
			showEnvVarsInLog = 0;
		};
		ED63DF1823DC9DE0B1CCDFCC /* Copy Pods Resources */ = {
			isa = PBXShellScriptBuildPhase;
			buildActionMask = 2147483647;
			files = (
			);
			inputPaths = (
			);
			name = "Copy Pods Resources";
			outputPaths = (
			);
			runOnlyForDeploymentPostprocessing = 0;
			shellPath = /bin/sh;
			shellScript = "\"${SRCROOT}/Pods/Target Support Files/Pods/Pods-resources.sh\"\n";
			showEnvVarsInLog = 0;
		};
/* End PBXShellScriptBuildPhase section */

/* Begin PBXSourcesBuildPhase section */
		788C7FE91ADDE0D80015388D /* Sources */ = {
			isa = PBXSourcesBuildPhase;
			buildActionMask = 2147483647;
			files = (
				788C7FF81ADDE0D90015388D /* ViewController.swift in Sources */,
				788C7FF61ADDE0D90015388D /* CloserToTruthDaily.xcdatamodeld in Sources */,
				788C7FF31ADDE0D90015388D /* AppDelegate.swift in Sources */,
			);
			runOnlyForDeploymentPostprocessing = 0;
		};
		788C80011ADDE0D90015388D /* Sources */ = {
			isa = PBXSourcesBuildPhase;
			buildActionMask = 2147483647;
			files = (
				788C800C1ADDE0D90015388D /* CloserToTruthDailyTests.swift in Sources */,
			);
			runOnlyForDeploymentPostprocessing = 0;
		};
/* End PBXSourcesBuildPhase section */

/* Begin PBXTargetDependency section */
		788C80071ADDE0D90015388D /* PBXTargetDependency */ = {
			isa = PBXTargetDependency;
			target = 788C7FEC1ADDE0D80015388D /* CloserToTruthDaily */;
			targetProxy = 788C80061ADDE0D90015388D /* PBXContainerItemProxy */;
		};
/* End PBXTargetDependency section */

/* Begin PBXVariantGroup section */
		788C7FF91ADDE0D90015388D /* Main.storyboard */ = {
			isa = PBXVariantGroup;
			children = (
				788C7FFA1ADDE0D90015388D /* Base */,
			);
			name = Main.storyboard;
			sourceTree = "<group>";
		};
		788C7FFE1ADDE0D90015388D /* LaunchScreen.xib */ = {
			isa = PBXVariantGroup;
			children = (
				788C7FFF1ADDE0D90015388D /* Base */,
			);
			name = LaunchScreen.xib;
			sourceTree = "<group>";
		};
/* End PBXVariantGroup section */

/* Begin XCBuildConfiguration section */
		788C800D1ADDE0D90015388D /* Debug */ = {
			isa = XCBuildConfiguration;
			buildSettings = {
				ALWAYS_SEARCH_USER_PATHS = NO;
				CLANG_CXX_LANGUAGE_STANDARD = "gnu++0x";
				CLANG_CXX_LIBRARY = "libc++";
				CLANG_ENABLE_MODULES = YES;
				CLANG_ENABLE_OBJC_ARC = YES;
				CLANG_WARN_BOOL_CONVERSION = YES;
				CLANG_WARN_CONSTANT_CONVERSION = YES;
				CLANG_WARN_DIRECT_OBJC_ISA_USAGE = YES_ERROR;
				CLANG_WARN_EMPTY_BODY = YES;
				CLANG_WARN_ENUM_CONVERSION = YES;
				CLANG_WARN_INT_CONVERSION = YES;
				CLANG_WARN_OBJC_ROOT_CLASS = YES_ERROR;
				CLANG_WARN_UNREACHABLE_CODE = YES;
				CLANG_WARN__DUPLICATE_METHOD_MATCH = YES;
				"CODE_SIGN_IDENTITY[sdk=iphoneos*]" = "iPhone Developer";
				COPY_PHASE_STRIP = NO;
				DEBUG_INFORMATION_FORMAT = "dwarf-with-dsym";
				ENABLE_STRICT_OBJC_MSGSEND = YES;
				GCC_C_LANGUAGE_STANDARD = gnu99;
				GCC_DYNAMIC_NO_PIC = NO;
				GCC_NO_COMMON_BLOCKS = YES;
				GCC_OPTIMIZATION_LEVEL = 0;
				GCC_PREPROCESSOR_DEFINITIONS = (
					"DEBUG=1",
					"$(inherited)",
				);
				GCC_SYMBOLS_PRIVATE_EXTERN = NO;
				GCC_WARN_64_TO_32_BIT_CONVERSION = YES;
				GCC_WARN_ABOUT_RETURN_TYPE = YES_ERROR;
				GCC_WARN_UNDECLARED_SELECTOR = YES;
				GCC_WARN_UNINITIALIZED_AUTOS = YES_AGGRESSIVE;
				GCC_WARN_UNUSED_FUNCTION = YES;
				GCC_WARN_UNUSED_VARIABLE = YES;
				IPHONEOS_DEPLOYMENT_TARGET = 8.3;
				MTL_ENABLE_DEBUG_INFO = YES;
				ONLY_ACTIVE_ARCH = YES;
				SDKROOT = iphoneos;
				SWIFT_OPTIMIZATION_LEVEL = "-Onone";
			};
			name = Debug;
		};
		788C800E1ADDE0D90015388D /* Release */ = {
			isa = XCBuildConfiguration;
			buildSettings = {
				ALWAYS_SEARCH_USER_PATHS = NO;
				CLANG_CXX_LANGUAGE_STANDARD = "gnu++0x";
				CLANG_CXX_LIBRARY = "libc++";
				CLANG_ENABLE_MODULES = YES;
				CLANG_ENABLE_OBJC_ARC = YES;
				CLANG_WARN_BOOL_CONVERSION = YES;
				CLANG_WARN_CONSTANT_CONVERSION = YES;
				CLANG_WARN_DIRECT_OBJC_ISA_USAGE = YES_ERROR;
				CLANG_WARN_EMPTY_BODY = YES;
				CLANG_WARN_ENUM_CONVERSION = YES;
				CLANG_WARN_INT_CONVERSION = YES;
				CLANG_WARN_OBJC_ROOT_CLASS = YES_ERROR;
				CLANG_WARN_UNREACHABLE_CODE = YES;
				CLANG_WARN__DUPLICATE_METHOD_MATCH = YES;
				"CODE_SIGN_IDENTITY[sdk=iphoneos*]" = "iPhone Developer";
				COPY_PHASE_STRIP = NO;
				DEBUG_INFORMATION_FORMAT = "dwarf-with-dsym";
				ENABLE_NS_ASSERTIONS = NO;
				ENABLE_STRICT_OBJC_MSGSEND = YES;
				GCC_C_LANGUAGE_STANDARD = gnu99;
				GCC_NO_COMMON_BLOCKS = YES;
				GCC_WARN_64_TO_32_BIT_CONVERSION = YES;
				GCC_WARN_ABOUT_RETURN_TYPE = YES_ERROR;
				GCC_WARN_UNDECLARED_SELECTOR = YES;
				GCC_WARN_UNINITIALIZED_AUTOS = YES_AGGRESSIVE;
				GCC_WARN_UNUSED_FUNCTION = YES;
				GCC_WARN_UNUSED_VARIABLE = YES;
				IPHONEOS_DEPLOYMENT_TARGET = 8.3;
				MTL_ENABLE_DEBUG_INFO = NO;
				SDKROOT = iphoneos;
				VALIDATE_PRODUCT = YES;
			};
			name = Release;
		};
		788C80101ADDE0D90015388D /* Debug */ = {
			isa = XCBuildConfiguration;
			baseConfigurationReference = 30485E2F0999AD00C35B3AAB /* Pods.debug.xcconfig */;
			buildSettings = {
				ASSETCATALOG_COMPILER_APPICON_NAME = AppIcon;
				CLANG_ENABLE_MODULES = YES;
				INFOPLIST_FILE = CloserToTruthDaily/Info.plist;
				IPHONEOS_DEPLOYMENT_TARGET = 8.0;
				LD_RUNPATH_SEARCH_PATHS = "$(inherited) @executable_path/Frameworks";
				PRODUCT_NAME = "$(TARGET_NAME)";
				SWIFT_OBJC_BRIDGING_HEADER = "CloserToTruthDaily-Bridging-Header.h";
				SWIFT_OPTIMIZATION_LEVEL = "-Onone";
			};
			name = Debug;
		};
		788C80111ADDE0D90015388D /* Release */ = {
			isa = XCBuildConfiguration;
			baseConfigurationReference = A02676F5BD5D22E960644C7F /* Pods.release.xcconfig */;
			buildSettings = {
				ASSETCATALOG_COMPILER_APPICON_NAME = AppIcon;
				CLANG_ENABLE_MODULES = YES;
				INFOPLIST_FILE = CloserToTruthDaily/Info.plist;
				IPHONEOS_DEPLOYMENT_TARGET = 8.0;
				LD_RUNPATH_SEARCH_PATHS = "$(inherited) @executable_path/Frameworks";
				PRODUCT_NAME = "$(TARGET_NAME)";
				SWIFT_OBJC_BRIDGING_HEADER = "CloserToTruthDaily-Bridging-Header.h";
			};
			name = Release;
		};
		788C80131ADDE0D90015388D /* Debug */ = {
			isa = XCBuildConfiguration;
			buildSettings = {
				BUNDLE_LOADER = "$(TEST_HOST)";
				FRAMEWORK_SEARCH_PATHS = (
					"$(SDKROOT)/Developer/Library/Frameworks",
					"$(inherited)",
				);
				GCC_PREPROCESSOR_DEFINITIONS = (
					"DEBUG=1",
					"$(inherited)",
				);
				INFOPLIST_FILE = CloserToTruthDailyTests/Info.plist;
				LD_RUNPATH_SEARCH_PATHS = "$(inherited) @executable_path/Frameworks @loader_path/Frameworks";
				PRODUCT_NAME = "$(TARGET_NAME)";
				TEST_HOST = "$(BUILT_PRODUCTS_DIR)/CloserToTruthDaily.app/CloserToTruthDaily";
			};
			name = Debug;
		};
		788C80141ADDE0D90015388D /* Release */ = {
			isa = XCBuildConfiguration;
			buildSettings = {
				BUNDLE_LOADER = "$(TEST_HOST)";
				FRAMEWORK_SEARCH_PATHS = (
					"$(SDKROOT)/Developer/Library/Frameworks",
					"$(inherited)",
				);
				INFOPLIST_FILE = CloserToTruthDailyTests/Info.plist;
				LD_RUNPATH_SEARCH_PATHS = "$(inherited) @executable_path/Frameworks @loader_path/Frameworks";
				PRODUCT_NAME = "$(TARGET_NAME)";
				TEST_HOST = "$(BUILT_PRODUCTS_DIR)/CloserToTruthDaily.app/CloserToTruthDaily";
			};
			name = Release;
		};
/* End XCBuildConfiguration section */

/* Begin XCConfigurationList section */
		788C7FE81ADDE0D80015388D /* Build configuration list for PBXProject "CloserToTruthDaily" */ = {
			isa = XCConfigurationList;
			buildConfigurations = (
				788C800D1ADDE0D90015388D /* Debug */,
				788C800E1ADDE0D90015388D /* Release */,
			);
			defaultConfigurationIsVisible = 0;
			defaultConfigurationName = Release;
		};
		788C800F1ADDE0D90015388D /* Build configuration list for PBXNativeTarget "CloserToTruthDaily" */ = {
			isa = XCConfigurationList;
			buildConfigurations = (
				788C80101ADDE0D90015388D /* Debug */,
				788C80111ADDE0D90015388D /* Release */,
			);
			defaultConfigurationIsVisible = 0;
			defaultConfigurationName = Release;
		};
		788C80121ADDE0D90015388D /* Build configuration list for PBXNativeTarget "CloserToTruthDailyTests" */ = {
			isa = XCConfigurationList;
			buildConfigurations = (
				788C80131ADDE0D90015388D /* Debug */,
				788C80141ADDE0D90015388D /* Release */,
			);
			defaultConfigurationIsVisible = 0;
			defaultConfigurationName = Release;
		};
/* End XCConfigurationList section */

/* Begin XCVersionGroup section */
		788C7FF41ADDE0D90015388D /* CloserToTruthDaily.xcdatamodeld */ = {
			isa = XCVersionGroup;
			children = (
				788C7FF51ADDE0D90015388D /* CloserToTruthDaily.xcdatamodel */,
			);
			currentVersion = 788C7FF51ADDE0D90015388D /* CloserToTruthDaily.xcdatamodel */;
			path = CloserToTruthDaily.xcdatamodeld;
			sourceTree = "<group>";
			versionGroupType = wrapper.xcdatamodel;
		};
/* End XCVersionGroup section */
	};
	rootObject = 788C7FE51ADDE0D80015388D /* Project object */;
}
