// !$*UTF8*$!
{
	archiveVersion = 1;
	classes = {
	};
	objectVersion = 46;
	objects = {

/* Begin PBXBuildFile section */
		781AA2141AB14A8300FB443D /* AppDelegate.swift in Sources */ = {isa = PBXBuildFile; fileRef = 781AA2131AB14A8300FB443D /* AppDelegate.swift */; };
		781AA2161AB14A8300FB443D /* ViewController.swift in Sources */ = {isa = PBXBuildFile; fileRef = 781AA2151AB14A8300FB443D /* ViewController.swift */; };
		781AA2191AB14A8300FB443D /* Main.storyboard in Resources */ = {isa = PBXBuildFile; fileRef = 781AA2171AB14A8300FB443D /* Main.storyboard */; };
		781AA21B1AB14A8300FB443D /* Images.xcassets in Resources */ = {isa = PBXBuildFile; fileRef = 781AA21A1AB14A8300FB443D /* Images.xcassets */; };
		781AA21E1AB14A8300FB443D /* LaunchScreen.xib in Resources */ = {isa = PBXBuildFile; fileRef = 781AA21C1AB14A8300FB443D /* LaunchScreen.xib */; };
		781AA22A1AB14A8300FB443D /* PassingDataTests.swift in Sources */ = {isa = PBXBuildFile; fileRef = 781AA2291AB14A8300FB443D /* PassingDataTests.swift */; };
		781AA2341AB14AB000FB443D /* ViewTwo.swift in Sources */ = {isa = PBXBuildFile; fileRef = 781AA2331AB14AB000FB443D /* ViewTwo.swift */; };
		781AA2361AB14F1C00FB443D /* ViewThree.swift in Sources */ = {isa = PBXBuildFile; fileRef = 781AA2351AB14F1C00FB443D /* ViewThree.swift */; };
/* End PBXBuildFile section */

/* Begin PBXContainerItemProxy section */
		781AA2241AB14A8300FB443D /* PBXContainerItemProxy */ = {
			isa = PBXContainerItemProxy;
			containerPortal = 781AA2061AB14A8300FB443D /* Project object */;
			proxyType = 1;
			remoteGlobalIDString = 781AA20D1AB14A8300FB443D;
			remoteInfo = PassingData;
		};
/* End PBXContainerItemProxy section */

/* Begin PBXFileReference section */
		781AA20E1AB14A8300FB443D /* PassingData.app */ = {isa = PBXFileReference; explicitFileType = wrapper.application; includeInIndex = 0; path = PassingData.app; sourceTree = BUILT_PRODUCTS_DIR; };
		781AA2121AB14A8300FB443D /* Info.plist */ = {isa = PBXFileReference; lastKnownFileType = text.plist.xml; path = Info.plist; sourceTree = "<group>"; };
		781AA2131AB14A8300FB443D /* AppDelegate.swift */ = {isa = PBXFileReference; lastKnownFileType = sourcecode.swift; path = AppDelegate.swift; sourceTree = "<group>"; };
		781AA2151AB14A8300FB443D /* ViewController.swift */ = {isa = PBXFileReference; lastKnownFileType = sourcecode.swift; path = ViewController.swift; sourceTree = "<group>"; };
		781AA2181AB14A8300FB443D /* Base */ = {isa = PBXFileReference; lastKnownFileType = file.storyboard; name = Base; path = Base.lproj/Main.storyboard; sourceTree = "<group>"; };
		781AA21A1AB14A8300FB443D /* Images.xcassets */ = {isa = PBXFileReference; lastKnownFileType = folder.assetcatalog; path = Images.xcassets; sourceTree = "<group>"; };
		781AA21D1AB14A8300FB443D /* Base */ = {isa = PBXFileReference; lastKnownFileType = file.xib; name = Base; path = Base.lproj/LaunchScreen.xib; sourceTree = "<group>"; };
		781AA2231AB14A8300FB443D /* PassingDataTests.xctest */ = {isa = PBXFileReference; explicitFileType = wrapper.cfbundle; includeInIndex = 0; path = PassingDataTests.xctest; sourceTree = BUILT_PRODUCTS_DIR; };
		781AA2281AB14A8300FB443D /* Info.plist */ = {isa = PBXFileReference; lastKnownFileType = text.plist.xml; path = Info.plist; sourceTree = "<group>"; };
		781AA2291AB14A8300FB443D /* PassingDataTests.swift */ = {isa = PBXFileReference; lastKnownFileType = sourcecode.swift; path = PassingDataTests.swift; sourceTree = "<group>"; };
		781AA2331AB14AB000FB443D /* ViewTwo.swift */ = {isa = PBXFileReference; fileEncoding = 4; lastKnownFileType = sourcecode.swift; path = ViewTwo.swift; sourceTree = "<group>"; };
		781AA2351AB14F1C00FB443D /* ViewThree.swift */ = {isa = PBXFileReference; fileEncoding = 4; lastKnownFileType = sourcecode.swift; path = ViewThree.swift; sourceTree = "<group>"; };
/* End PBXFileReference section */

/* Begin PBXFrameworksBuildPhase section */
		781AA20B1AB14A8300FB443D /* Frameworks */ = {
			isa = PBXFrameworksBuildPhase;
			buildActionMask = 2147483647;
			files = (
			);
			runOnlyForDeploymentPostprocessing = 0;
		};
		781AA2201AB14A8300FB443D /* Frameworks */ = {
			isa = PBXFrameworksBuildPhase;
			buildActionMask = 2147483647;
			files = (
			);
			runOnlyForDeploymentPostprocessing = 0;
		};
/* End PBXFrameworksBuildPhase section */

/* Begin PBXGroup section */
		781AA2051AB14A8300FB443D = {
			isa = PBXGroup;
			children = (
				781AA2101AB14A8300FB443D /* PassingData */,
				781AA2261AB14A8300FB443D /* PassingDataTests */,
				781AA20F1AB14A8300FB443D /* Products */,
			);
			sourceTree = "<group>";
		};
		781AA20F1AB14A8300FB443D /* Products */ = {
			isa = PBXGroup;
			children = (
				781AA20E1AB14A8300FB443D /* PassingData.app */,
				781AA2231AB14A8300FB443D /* PassingDataTests.xctest */,
			);
			name = Products;
			sourceTree = "<group>";
		};
		781AA2101AB14A8300FB443D /* PassingData */ = {
			isa = PBXGroup;
			children = (
				781AA2131AB14A8300FB443D /* AppDelegate.swift */,
				781AA2151AB14A8300FB443D /* ViewController.swift */,
				781AA2171AB14A8300FB443D /* Main.storyboard */,
				781AA2351AB14F1C00FB443D /* ViewThree.swift */,
				781AA2331AB14AB000FB443D /* ViewTwo.swift */,
				781AA21A1AB14A8300FB443D /* Images.xcassets */,
				781AA21C1AB14A8300FB443D /* LaunchScreen.xib */,
				781AA2111AB14A8300FB443D /* Supporting Files */,
			);
			path = PassingData;
			sourceTree = "<group>";
		};
		781AA2111AB14A8300FB443D /* Supporting Files */ = {
			isa = PBXGroup;
			children = (
				781AA2121AB14A8300FB443D /* Info.plist */,
			);
			name = "Supporting Files";
			sourceTree = "<group>";
		};
		781AA2261AB14A8300FB443D /* PassingDataTests */ = {
			isa = PBXGroup;
			children = (
				781AA2291AB14A8300FB443D /* PassingDataTests.swift */,
				781AA2271AB14A8300FB443D /* Supporting Files */,
			);
			path = PassingDataTests;
			sourceTree = "<group>";
		};
		781AA2271AB14A8300FB443D /* Supporting Files */ = {
			isa = PBXGroup;
			children = (
				781AA2281AB14A8300FB443D /* Info.plist */,
			);
			name = "Supporting Files";
			sourceTree = "<group>";
		};
/* End PBXGroup section */

/* Begin PBXNativeTarget section */
		781AA20D1AB14A8300FB443D /* PassingData */ = {
			isa = PBXNativeTarget;
			buildConfigurationList = 781AA22D1AB14A8300FB443D /* Build configuration list for PBXNativeTarget "PassingData" */;
			buildPhases = (
				781AA20A1AB14A8300FB443D /* Sources */,
				781AA20B1AB14A8300FB443D /* Frameworks */,
				781AA20C1AB14A8300FB443D /* Resources */,
			);
			buildRules = (
			);
			dependencies = (
			);
			name = PassingData;
			productName = PassingData;
			productReference = 781AA20E1AB14A8300FB443D /* PassingData.app */;
			productType = "com.apple.product-type.application";
		};
		781AA2221AB14A8300FB443D /* PassingDataTests */ = {
			isa = PBXNativeTarget;
			buildConfigurationList = 781AA2301AB14A8300FB443D /* Build configuration list for PBXNativeTarget "PassingDataTests" */;
			buildPhases = (
				781AA21F1AB14A8300FB443D /* Sources */,
				781AA2201AB14A8300FB443D /* Frameworks */,
				781AA2211AB14A8300FB443D /* Resources */,
			);
			buildRules = (
			);
			dependencies = (
				781AA2251AB14A8300FB443D /* PBXTargetDependency */,
			);
			name = PassingDataTests;
			productName = PassingDataTests;
			productReference = 781AA2231AB14A8300FB443D /* PassingDataTests.xctest */;
			productType = "com.apple.product-type.bundle.unit-test";
		};
/* End PBXNativeTarget section */

/* Begin PBXProject section */
		781AA2061AB14A8300FB443D /* Project object */ = {
			isa = PBXProject;
			attributes = {
				LastUpgradeCheck = 0620;
				ORGANIZATIONNAME = "Alexis Saint-Jean";
				TargetAttributes = {
					781AA20D1AB14A8300FB443D = {
						CreatedOnToolsVersion = 6.2;
					};
					781AA2221AB14A8300FB443D = {
						CreatedOnToolsVersion = 6.2;
						TestTargetID = 781AA20D1AB14A8300FB443D;
					};
				};
			};
			buildConfigurationList = 781AA2091AB14A8300FB443D /* Build configuration list for PBXProject "PassingData" */;
			compatibilityVersion = "Xcode 3.2";
			developmentRegion = English;
			hasScannedForEncodings = 0;
			knownRegions = (
				en,
				Base,
			);
			mainGroup = 781AA2051AB14A8300FB443D;
			productRefGroup = 781AA20F1AB14A8300FB443D /* Products */;
			projectDirPath = "";
			projectRoot = "";
			targets = (
				781AA20D1AB14A8300FB443D /* PassingData */,
				781AA2221AB14A8300FB443D /* PassingDataTests */,
			);
		};
/* End PBXProject section */

/* Begin PBXResourcesBuildPhase section */
		781AA20C1AB14A8300FB443D /* Resources */ = {
			isa = PBXResourcesBuildPhase;
			buildActionMask = 2147483647;
			files = (
				781AA2191AB14A8300FB443D /* Main.storyboard in Resources */,
				781AA21E1AB14A8300FB443D /* LaunchScreen.xib in Resources */,
				781AA21B1AB14A8300FB443D /* Images.xcassets in Resources */,
			);
			runOnlyForDeploymentPostprocessing = 0;
		};
		781AA2211AB14A8300FB443D /* Resources */ = {
			isa = PBXResourcesBuildPhase;
			buildActionMask = 2147483647;
			files = (
			);
			runOnlyForDeploymentPostprocessing = 0;
		};
/* End PBXResourcesBuildPhase section */

/* Begin PBXSourcesBuildPhase section */
		781AA20A1AB14A8300FB443D /* Sources */ = {
			isa = PBXSourcesBuildPhase;
			buildActionMask = 2147483647;
			files = (
				781AA2161AB14A8300FB443D /* ViewController.swift in Sources */,
				781AA2361AB14F1C00FB443D /* ViewThree.swift in Sources */,
				781AA2141AB14A8300FB443D /* AppDelegate.swift in Sources */,
				781AA2341AB14AB000FB443D /* ViewTwo.swift in Sources */,
			);
			runOnlyForDeploymentPostprocessing = 0;
		};
		781AA21F1AB14A8300FB443D /* Sources */ = {
			isa = PBXSourcesBuildPhase;
			buildActionMask = 2147483647;
			files = (
				781AA22A1AB14A8300FB443D /* PassingDataTests.swift in Sources */,
			);
			runOnlyForDeploymentPostprocessing = 0;
		};
/* End PBXSourcesBuildPhase section */

/* Begin PBXTargetDependency section */
		781AA2251AB14A8300FB443D /* PBXTargetDependency */ = {
			isa = PBXTargetDependency;
			target = 781AA20D1AB14A8300FB443D /* PassingData */;
			targetProxy = 781AA2241AB14A8300FB443D /* PBXContainerItemProxy */;
		};
/* End PBXTargetDependency section */

/* Begin PBXVariantGroup section */
		781AA2171AB14A8300FB443D /* Main.storyboard */ = {
			isa = PBXVariantGroup;
			children = (
				781AA2181AB14A8300FB443D /* Base */,
			);
			name = Main.storyboard;
			sourceTree = "<group>";
		};
		781AA21C1AB14A8300FB443D /* LaunchScreen.xib */ = {
			isa = PBXVariantGroup;
			children = (
				781AA21D1AB14A8300FB443D /* Base */,
			);
			name = LaunchScreen.xib;
			sourceTree = "<group>";
		};
/* End PBXVariantGroup section */

/* Begin XCBuildConfiguration section */
		781AA22B1AB14A8300FB443D /* Debug */ = {
			isa = XCBuildConfiguration;
			buildSettings = {
				ALWAYS_SEARCH_USER_PATHS = NO;
				CLANG_CXX_LANGUAGE_STANDARD = "gnu++0x";
				CLANG_CXX_LIBRARY = "libc++";
				CLANG_ENABLE_MODULES = YES;
				CLANG_ENABLE_OBJC_ARC = YES;
				CLANG_WARN_BOOL_CONVERSION = YES;
				CLANG_WARN_CONSTANT_CONVERSION = YES;
				CLANG_WARN_DIRECT_OBJC_ISA_USAGE = YES_ERROR;
				CLANG_WARN_EMPTY_BODY = YES;
				CLANG_WARN_ENUM_CONVERSION = YES;
				CLANG_WARN_INT_CONVERSION = YES;
				CLANG_WARN_OBJC_ROOT_CLASS = YES_ERROR;
				CLANG_WARN_UNREACHABLE_CODE = YES;
				CLANG_WARN__DUPLICATE_METHOD_MATCH = YES;
				"CODE_SIGN_IDENTITY[sdk=iphoneos*]" = "iPhone Developer";
				COPY_PHASE_STRIP = NO;
				ENABLE_STRICT_OBJC_MSGSEND = YES;
				GCC_C_LANGUAGE_STANDARD = gnu99;
				GCC_DYNAMIC_NO_PIC = NO;
				GCC_OPTIMIZATION_LEVEL = 0;
				GCC_PREPROCESSOR_DEFINITIONS = (
					"DEBUG=1",
					"$(inherited)",
				);
				GCC_SYMBOLS_PRIVATE_EXTERN = NO;
				GCC_WARN_64_TO_32_BIT_CONVERSION = YES;
				GCC_WARN_ABOUT_RETURN_TYPE = YES_ERROR;
				GCC_WARN_UNDECLARED_SELECTOR = YES;
				GCC_WARN_UNINITIALIZED_AUTOS = YES_AGGRESSIVE;
				GCC_WARN_UNUSED_FUNCTION = YES;
				GCC_WARN_UNUSED_VARIABLE = YES;
				IPHONEOS_DEPLOYMENT_TARGET = 8.2;
				MTL_ENABLE_DEBUG_INFO = YES;
				ONLY_ACTIVE_ARCH = YES;
				SDKROOT = iphoneos;
				SWIFT_OPTIMIZATION_LEVEL = "-Onone";
			};
			name = Debug;
		};
		781AA22C1AB14A8300FB443D /* Release */ = {
			isa = XCBuildConfiguration;
			buildSettings = {
				ALWAYS_SEARCH_USER_PATHS = NO;
				CLANG_CXX_LANGUAGE_STANDARD = "gnu++0x";
				CLANG_CXX_LIBRARY = "libc++";
				CLANG_ENABLE_MODULES = YES;
				CLANG_ENABLE_OBJC_ARC = YES;
				CLANG_WARN_BOOL_CONVERSION = YES;
				CLANG_WARN_CONSTANT_CONVERSION = YES;
				CLANG_WARN_DIRECT_OBJC_ISA_USAGE = YES_ERROR;
				CLANG_WARN_EMPTY_BODY = YES;
				CLANG_WARN_ENUM_CONVERSION = YES;
				CLANG_WARN_INT_CONVERSION = YES;
				CLANG_WARN_OBJC_ROOT_CLASS = YES_ERROR;
				CLANG_WARN_UNREACHABLE_CODE = YES;
				CLANG_WARN__DUPLICATE_METHOD_MATCH = YES;
				"CODE_SIGN_IDENTITY[sdk=iphoneos*]" = "iPhone Developer";
				COPY_PHASE_STRIP = NO;
				ENABLE_NS_ASSERTIONS = NO;
				ENABLE_STRICT_OBJC_MSGSEND = YES;
				GCC_C_LANGUAGE_STANDARD = gnu99;
				GCC_WARN_64_TO_32_BIT_CONVERSION = YES;
				GCC_WARN_ABOUT_RETURN_TYPE = YES_ERROR;
				GCC_WARN_UNDECLARED_SELECTOR = YES;
				GCC_WARN_UNINITIALIZED_AUTOS = YES_AGGRESSIVE;
				GCC_WARN_UNUSED_FUNCTION = YES;
				GCC_WARN_UNUSED_VARIABLE = YES;
				IPHONEOS_DEPLOYMENT_TARGET = 8.2;
				MTL_ENABLE_DEBUG_INFO = NO;
				SDKROOT = iphoneos;
				VALIDATE_PRODUCT = YES;
			};
			name = Release;
		};
		781AA22E1AB14A8300FB443D /* Debug */ = {
			isa = XCBuildConfiguration;
			buildSettings = {
				ASSETCATALOG_COMPILER_APPICON_NAME = AppIcon;
				INFOPLIST_FILE = PassingData/Info.plist;
				LD_RUNPATH_SEARCH_PATHS = "$(inherited) @executable_path/Frameworks";
				PRODUCT_NAME = "$(TARGET_NAME)";
			};
			name = Debug;
		};
		781AA22F1AB14A8300FB443D /* Release */ = {
			isa = XCBuildConfiguration;
			buildSettings = {
				ASSETCATALOG_COMPILER_APPICON_NAME = AppIcon;
				INFOPLIST_FILE = PassingData/Info.plist;
				LD_RUNPATH_SEARCH_PATHS = "$(inherited) @executable_path/Frameworks";
				PRODUCT_NAME = "$(TARGET_NAME)";
			};
			name = Release;
		};
		781AA2311AB14A8300FB443D /* Debug */ = {
			isa = XCBuildConfiguration;
			buildSettings = {
				BUNDLE_LOADER = "$(TEST_HOST)";
				FRAMEWORK_SEARCH_PATHS = (
					"$(SDKROOT)/Developer/Library/Frameworks",
					"$(inherited)",
				);
				GCC_PREPROCESSOR_DEFINITIONS = (
					"DEBUG=1",
					"$(inherited)",
				);
				INFOPLIST_FILE = PassingDataTests/Info.plist;
				LD_RUNPATH_SEARCH_PATHS = "$(inherited) @executable_path/Frameworks @loader_path/Frameworks";
				PRODUCT_NAME = "$(TARGET_NAME)";
				TEST_HOST = "$(BUILT_PRODUCTS_DIR)/PassingData.app/PassingData";
			};
			name = Debug;
		};
		781AA2321AB14A8300FB443D /* Release */ = {
			isa = XCBuildConfiguration;
			buildSettings = {
				BUNDLE_LOADER = "$(TEST_HOST)";
				FRAMEWORK_SEARCH_PATHS = (
					"$(SDKROOT)/Developer/Library/Frameworks",
					"$(inherited)",
				);
				INFOPLIST_FILE = PassingDataTests/Info.plist;
				LD_RUNPATH_SEARCH_PATHS = "$(inherited) @executable_path/Frameworks @loader_path/Frameworks";
				PRODUCT_NAME = "$(TARGET_NAME)";
				TEST_HOST = "$(BUILT_PRODUCTS_DIR)/PassingData.app/PassingData";
			};
			name = Release;
		};
/* End XCBuildConfiguration section */

/* Begin XCConfigurationList section */
		781AA2091AB14A8300FB443D /* Build configuration list for PBXProject "PassingData" */ = {
			isa = XCConfigurationList;
			buildConfigurations = (
				781AA22B1AB14A8300FB443D /* Debug */,
				781AA22C1AB14A8300FB443D /* Release */,
			);
			defaultConfigurationIsVisible = 0;
			defaultConfigurationName = Release;
		};
		781AA22D1AB14A8300FB443D /* Build configuration list for PBXNativeTarget "PassingData" */ = {
			isa = XCConfigurationList;
			buildConfigurations = (
				781AA22E1AB14A8300FB443D /* Debug */,
				781AA22F1AB14A8300FB443D /* Release */,
			);
			defaultConfigurationIsVisible = 0;
		};
		781AA2301AB14A8300FB443D /* Build configuration list for PBXNativeTarget "PassingDataTests" */ = {
			isa = XCConfigurationList;
			buildConfigurations = (
				781AA2311AB14A8300FB443D /* Debug */,
				781AA2321AB14A8300FB443D /* Release */,
			);
			defaultConfigurationIsVisible = 0;
		};
/* End XCConfigurationList section */
	};
	rootObject = 781AA2061AB14A8300FB443D /* Project object */;
}
