// !$*UTF8*$!
{
	archiveVersion = 1;
	classes = {
	};
	objectVersion = 46;
	objects = {

/* Begin PBXBuildFile section */
		7806C4111BB943D100369AA5 /* AppDelegate.swift in Sources */ = {isa = PBXBuildFile; fileRef = 7806C4101BB943D100369AA5 /* AppDelegate.swift */; };
		7806C4131BB943D100369AA5 /* ViewController.swift in Sources */ = {isa = PBXBuildFile; fileRef = 7806C4121BB943D100369AA5 /* ViewController.swift */; };
		7806C4161BB943D100369AA5 /* Main.storyboard in Resources */ = {isa = PBXBuildFile; fileRef = 7806C4141BB943D100369AA5 /* Main.storyboard */; };
		7806C4191BB943D100369AA5 /* trial9.xcdatamodeld in Sources */ = {isa = PBXBuildFile; fileRef = 7806C4171BB943D100369AA5 /* trial9.xcdatamodeld */; };
		7806C41B1BB943D100369AA5 /* Assets.xcassets in Resources */ = {isa = PBXBuildFile; fileRef = 7806C41A1BB943D100369AA5 /* Assets.xcassets */; };
		7806C41E1BB943D100369AA5 /* LaunchScreen.storyboard in Resources */ = {isa = PBXBuildFile; fileRef = 7806C41C1BB943D100369AA5 /* LaunchScreen.storyboard */; };
		7806C4291BB943D100369AA5 /* trial9Tests.swift in Sources */ = {isa = PBXBuildFile; fileRef = 7806C4281BB943D100369AA5 /* trial9Tests.swift */; };
		7806C4341BB943D200369AA5 /* trial9UITests.swift in Sources */ = {isa = PBXBuildFile; fileRef = 7806C4331BB943D200369AA5 /* trial9UITests.swift */; };
/* End PBXBuildFile section */

/* Begin PBXContainerItemProxy section */
		7806C4251BB943D100369AA5 /* PBXContainerItemProxy */ = {
			isa = PBXContainerItemProxy;
			containerPortal = 7806C4051BB943D100369AA5 /* Project object */;
			proxyType = 1;
			remoteGlobalIDString = 7806C40C1BB943D100369AA5;
			remoteInfo = trial9;
		};
		7806C4301BB943D200369AA5 /* PBXContainerItemProxy */ = {
			isa = PBXContainerItemProxy;
			containerPortal = 7806C4051BB943D100369AA5 /* Project object */;
			proxyType = 1;
			remoteGlobalIDString = 7806C40C1BB943D100369AA5;
			remoteInfo = trial9;
		};
/* End PBXContainerItemProxy section */

/* Begin PBXFileReference section */
		7806C40D1BB943D100369AA5 /* trial9.app */ = {isa = PBXFileReference; explicitFileType = wrapper.application; includeInIndex = 0; path = trial9.app; sourceTree = BUILT_PRODUCTS_DIR; };
		7806C4101BB943D100369AA5 /* AppDelegate.swift */ = {isa = PBXFileReference; lastKnownFileType = sourcecode.swift; path = AppDelegate.swift; sourceTree = "<group>"; };
		7806C4121BB943D100369AA5 /* ViewController.swift */ = {isa = PBXFileReference; lastKnownFileType = sourcecode.swift; path = ViewController.swift; sourceTree = "<group>"; };
		7806C4151BB943D100369AA5 /* Base */ = {isa = PBXFileReference; lastKnownFileType = file.storyboard; name = Base; path = Base.lproj/Main.storyboard; sourceTree = "<group>"; };
		7806C4181BB943D100369AA5 /* trial9.xcdatamodel */ = {isa = PBXFileReference; lastKnownFileType = wrapper.xcdatamodel; path = trial9.xcdatamodel; sourceTree = "<group>"; };
		7806C41A1BB943D100369AA5 /* Assets.xcassets */ = {isa = PBXFileReference; lastKnownFileType = folder.assetcatalog; path = Assets.xcassets; sourceTree = "<group>"; };
		7806C41D1BB943D100369AA5 /* Base */ = {isa = PBXFileReference; lastKnownFileType = file.storyboard; name = Base; path = Base.lproj/LaunchScreen.storyboard; sourceTree = "<group>"; };
		7806C41F1BB943D100369AA5 /* Info.plist */ = {isa = PBXFileReference; lastKnownFileType = text.plist.xml; path = Info.plist; sourceTree = "<group>"; };
		7806C4241BB943D100369AA5 /* trial9Tests.xctest */ = {isa = PBXFileReference; explicitFileType = wrapper.cfbundle; includeInIndex = 0; path = trial9Tests.xctest; sourceTree = BUILT_PRODUCTS_DIR; };
		7806C4281BB943D100369AA5 /* trial9Tests.swift */ = {isa = PBXFileReference; lastKnownFileType = sourcecode.swift; path = trial9Tests.swift; sourceTree = "<group>"; };
		7806C42A1BB943D100369AA5 /* Info.plist */ = {isa = PBXFileReference; lastKnownFileType = text.plist.xml; path = Info.plist; sourceTree = "<group>"; };
		7806C42F1BB943D200369AA5 /* trial9UITests.xctest */ = {isa = PBXFileReference; explicitFileType = wrapper.cfbundle; includeInIndex = 0; path = trial9UITests.xctest; sourceTree = BUILT_PRODUCTS_DIR; };
		7806C4331BB943D200369AA5 /* trial9UITests.swift */ = {isa = PBXFileReference; lastKnownFileType = sourcecode.swift; path = trial9UITests.swift; sourceTree = "<group>"; };
		7806C4351BB943D200369AA5 /* Info.plist */ = {isa = PBXFileReference; lastKnownFileType = text.plist.xml; path = Info.plist; sourceTree = "<group>"; };
/* End PBXFileReference section */

/* Begin PBXFrameworksBuildPhase section */
		7806C40A1BB943D100369AA5 /* Frameworks */ = {
			isa = PBXFrameworksBuildPhase;
			buildActionMask = 2147483647;
			files = (
			);
			runOnlyForDeploymentPostprocessing = 0;
		};
		7806C4211BB943D100369AA5 /* Frameworks */ = {
			isa = PBXFrameworksBuildPhase;
			buildActionMask = 2147483647;
			files = (
			);
			runOnlyForDeploymentPostprocessing = 0;
		};
		7806C42C1BB943D200369AA5 /* Frameworks */ = {
			isa = PBXFrameworksBuildPhase;
			buildActionMask = 2147483647;
			files = (
			);
			runOnlyForDeploymentPostprocessing = 0;
		};
/* End PBXFrameworksBuildPhase section */

/* Begin PBXGroup section */
		7806C4041BB943D100369AA5 = {
			isa = PBXGroup;
			children = (
				7806C40F1BB943D100369AA5 /* trial9 */,
				7806C4271BB943D100369AA5 /* trial9Tests */,
				7806C4321BB943D200369AA5 /* trial9UITests */,
				7806C40E1BB943D100369AA5 /* Products */,
			);
			sourceTree = "<group>";
		};
		7806C40E1BB943D100369AA5 /* Products */ = {
			isa = PBXGroup;
			children = (
				7806C40D1BB943D100369AA5 /* trial9.app */,
				7806C4241BB943D100369AA5 /* trial9Tests.xctest */,
				7806C42F1BB943D200369AA5 /* trial9UITests.xctest */,
			);
			name = Products;
			sourceTree = "<group>";
		};
		7806C40F1BB943D100369AA5 /* trial9 */ = {
			isa = PBXGroup;
			children = (
				7806C4101BB943D100369AA5 /* AppDelegate.swift */,
				7806C4121BB943D100369AA5 /* ViewController.swift */,
				7806C4141BB943D100369AA5 /* Main.storyboard */,
				7806C41A1BB943D100369AA5 /* Assets.xcassets */,
				7806C41C1BB943D100369AA5 /* LaunchScreen.storyboard */,
				7806C41F1BB943D100369AA5 /* Info.plist */,
				7806C4171BB943D100369AA5 /* trial9.xcdatamodeld */,
			);
			path = trial9;
			sourceTree = "<group>";
		};
		7806C4271BB943D100369AA5 /* trial9Tests */ = {
			isa = PBXGroup;
			children = (
				7806C4281BB943D100369AA5 /* trial9Tests.swift */,
				7806C42A1BB943D100369AA5 /* Info.plist */,
			);
			path = trial9Tests;
			sourceTree = "<group>";
		};
		7806C4321BB943D200369AA5 /* trial9UITests */ = {
			isa = PBXGroup;
			children = (
				7806C4331BB943D200369AA5 /* trial9UITests.swift */,
				7806C4351BB943D200369AA5 /* Info.plist */,
			);
			path = trial9UITests;
			sourceTree = "<group>";
		};
/* End PBXGroup section */

/* Begin PBXNativeTarget section */
		7806C40C1BB943D100369AA5 /* trial9 */ = {
			isa = PBXNativeTarget;
			buildConfigurationList = 7806C4381BB943D200369AA5 /* Build configuration list for PBXNativeTarget "trial9" */;
			buildPhases = (
				7806C4091BB943D100369AA5 /* Sources */,
				7806C40A1BB943D100369AA5 /* Frameworks */,
				7806C40B1BB943D100369AA5 /* Resources */,
			);
			buildRules = (
			);
			dependencies = (
			);
			name = trial9;
			productName = trial9;
			productReference = 7806C40D1BB943D100369AA5 /* trial9.app */;
			productType = "com.apple.product-type.application";
		};
		7806C4231BB943D100369AA5 /* trial9Tests */ = {
			isa = PBXNativeTarget;
			buildConfigurationList = 7806C43B1BB943D200369AA5 /* Build configuration list for PBXNativeTarget "trial9Tests" */;
			buildPhases = (
				7806C4201BB943D100369AA5 /* Sources */,
				7806C4211BB943D100369AA5 /* Frameworks */,
				7806C4221BB943D100369AA5 /* Resources */,
			);
			buildRules = (
			);
			dependencies = (
				7806C4261BB943D100369AA5 /* PBXTargetDependency */,
			);
			name = trial9Tests;
			productName = trial9Tests;
			productReference = 7806C4241BB943D100369AA5 /* trial9Tests.xctest */;
			productType = "com.apple.product-type.bundle.unit-test";
		};
		7806C42E1BB943D200369AA5 /* trial9UITests */ = {
			isa = PBXNativeTarget;
			buildConfigurationList = 7806C43E1BB943D200369AA5 /* Build configuration list for PBXNativeTarget "trial9UITests" */;
			buildPhases = (
				7806C42B1BB943D200369AA5 /* Sources */,
				7806C42C1BB943D200369AA5 /* Frameworks */,
				7806C42D1BB943D200369AA5 /* Resources */,
			);
			buildRules = (
			);
			dependencies = (
				7806C4311BB943D200369AA5 /* PBXTargetDependency */,
			);
			name = trial9UITests;
			productName = trial9UITests;
			productReference = 7806C42F1BB943D200369AA5 /* trial9UITests.xctest */;
			productType = "com.apple.product-type.bundle.ui-testing";
		};
/* End PBXNativeTarget section */

/* Begin PBXProject section */
		7806C4051BB943D100369AA5 /* Project object */ = {
			isa = PBXProject;
			attributes = {
				LastUpgradeCheck = 0700;
				ORGANIZATIONNAME = "Alexis Saint-Jean";
				TargetAttributes = {
					7806C40C1BB943D100369AA5 = {
						CreatedOnToolsVersion = 7.0;
					};
					7806C4231BB943D100369AA5 = {
						CreatedOnToolsVersion = 7.0;
						TestTargetID = 7806C40C1BB943D100369AA5;
					};
					7806C42E1BB943D200369AA5 = {
						CreatedOnToolsVersion = 7.0;
						TestTargetID = 7806C40C1BB943D100369AA5;
					};
				};
			};
			buildConfigurationList = 7806C4081BB943D100369AA5 /* Build configuration list for PBXProject "trial9" */;
			compatibilityVersion = "Xcode 3.2";
			developmentRegion = English;
			hasScannedForEncodings = 0;
			knownRegions = (
				en,
				Base,
			);
			mainGroup = 7806C4041BB943D100369AA5;
			productRefGroup = 7806C40E1BB943D100369AA5 /* Products */;
			projectDirPath = "";
			projectRoot = "";
			targets = (
				7806C40C1BB943D100369AA5 /* trial9 */,
				7806C4231BB943D100369AA5 /* trial9Tests */,
				7806C42E1BB943D200369AA5 /* trial9UITests */,
			);
		};
/* End PBXProject section */

/* Begin PBXResourcesBuildPhase section */
		7806C40B1BB943D100369AA5 /* Resources */ = {
			isa = PBXResourcesBuildPhase;
			buildActionMask = 2147483647;
			files = (
				7806C41E1BB943D100369AA5 /* LaunchScreen.storyboard in Resources */,
				7806C41B1BB943D100369AA5 /* Assets.xcassets in Resources */,
				7806C4161BB943D100369AA5 /* Main.storyboard in Resources */,
			);
			runOnlyForDeploymentPostprocessing = 0;
		};
		7806C4221BB943D100369AA5 /* Resources */ = {
			isa = PBXResourcesBuildPhase;
			buildActionMask = 2147483647;
			files = (
			);
			runOnlyForDeploymentPostprocessing = 0;
		};
		7806C42D1BB943D200369AA5 /* Resources */ = {
			isa = PBXResourcesBuildPhase;
			buildActionMask = 2147483647;
			files = (
			);
			runOnlyForDeploymentPostprocessing = 0;
		};
/* End PBXResourcesBuildPhase section */

/* Begin PBXSourcesBuildPhase section */
		7806C4091BB943D100369AA5 /* Sources */ = {
			isa = PBXSourcesBuildPhase;
			buildActionMask = 2147483647;
			files = (
				7806C4131BB943D100369AA5 /* ViewController.swift in Sources */,
				7806C4191BB943D100369AA5 /* trial9.xcdatamodeld in Sources */,
				7806C4111BB943D100369AA5 /* AppDelegate.swift in Sources */,
			);
			runOnlyForDeploymentPostprocessing = 0;
		};
		7806C4201BB943D100369AA5 /* Sources */ = {
			isa = PBXSourcesBuildPhase;
			buildActionMask = 2147483647;
			files = (
				7806C4291BB943D100369AA5 /* trial9Tests.swift in Sources */,
			);
			runOnlyForDeploymentPostprocessing = 0;
		};
		7806C42B1BB943D200369AA5 /* Sources */ = {
			isa = PBXSourcesBuildPhase;
			buildActionMask = 2147483647;
			files = (
				7806C4341BB943D200369AA5 /* trial9UITests.swift in Sources */,
			);
			runOnlyForDeploymentPostprocessing = 0;
		};
/* End PBXSourcesBuildPhase section */

/* Begin PBXTargetDependency section */
		7806C4261BB943D100369AA5 /* PBXTargetDependency */ = {
			isa = PBXTargetDependency;
			target = 7806C40C1BB943D100369AA5 /* trial9 */;
			targetProxy = 7806C4251BB943D100369AA5 /* PBXContainerItemProxy */;
		};
		7806C4311BB943D200369AA5 /* PBXTargetDependency */ = {
			isa = PBXTargetDependency;
			target = 7806C40C1BB943D100369AA5 /* trial9 */;
			targetProxy = 7806C4301BB943D200369AA5 /* PBXContainerItemProxy */;
		};
/* End PBXTargetDependency section */

/* Begin PBXVariantGroup section */
		7806C4141BB943D100369AA5 /* Main.storyboard */ = {
			isa = PBXVariantGroup;
			children = (
				7806C4151BB943D100369AA5 /* Base */,
			);
			name = Main.storyboard;
			sourceTree = "<group>";
		};
		7806C41C1BB943D100369AA5 /* LaunchScreen.storyboard */ = {
			isa = PBXVariantGroup;
			children = (
				7806C41D1BB943D100369AA5 /* Base */,
			);
			name = LaunchScreen.storyboard;
			sourceTree = "<group>";
		};
/* End PBXVariantGroup section */

/* Begin XCBuildConfiguration section */
		7806C4361BB943D200369AA5 /* Debug */ = {
			isa = XCBuildConfiguration;
			buildSettings = {
				ALWAYS_SEARCH_USER_PATHS = NO;
				CLANG_CXX_LANGUAGE_STANDARD = "gnu++0x";
				CLANG_CXX_LIBRARY = "libc++";
				CLANG_ENABLE_MODULES = YES;
				CLANG_ENABLE_OBJC_ARC = YES;
				CLANG_WARN_BOOL_CONVERSION = YES;
				CLANG_WARN_CONSTANT_CONVERSION = YES;
				CLANG_WARN_DIRECT_OBJC_ISA_USAGE = YES_ERROR;
				CLANG_WARN_EMPTY_BODY = YES;
				CLANG_WARN_ENUM_CONVERSION = YES;
				CLANG_WARN_INT_CONVERSION = YES;
				CLANG_WARN_OBJC_ROOT_CLASS = YES_ERROR;
				CLANG_WARN_UNREACHABLE_CODE = YES;
				CLANG_WARN__DUPLICATE_METHOD_MATCH = YES;
				"CODE_SIGN_IDENTITY[sdk=iphoneos*]" = "iPhone Developer";
				COPY_PHASE_STRIP = NO;
				DEBUG_INFORMATION_FORMAT = dwarf;
				ENABLE_STRICT_OBJC_MSGSEND = YES;
				ENABLE_TESTABILITY = YES;
				GCC_C_LANGUAGE_STANDARD = gnu99;
				GCC_DYNAMIC_NO_PIC = NO;
				GCC_NO_COMMON_BLOCKS = YES;
				GCC_OPTIMIZATION_LEVEL = 0;
				GCC_PREPROCESSOR_DEFINITIONS = (
					"DEBUG=1",
					"$(inherited)",
				);
				GCC_WARN_64_TO_32_BIT_CONVERSION = YES;
				GCC_WARN_ABOUT_RETURN_TYPE = YES_ERROR;
				GCC_WARN_UNDECLARED_SELECTOR = YES;
				GCC_WARN_UNINITIALIZED_AUTOS = YES_AGGRESSIVE;
				GCC_WARN_UNUSED_FUNCTION = YES;
				GCC_WARN_UNUSED_VARIABLE = YES;
				IPHONEOS_DEPLOYMENT_TARGET = 9.0;
				MTL_ENABLE_DEBUG_INFO = YES;
				ONLY_ACTIVE_ARCH = YES;
				SDKROOT = iphoneos;
				SWIFT_OPTIMIZATION_LEVEL = "-Onone";
			};
			name = Debug;
		};
		7806C4371BB943D200369AA5 /* Release */ = {
			isa = XCBuildConfiguration;
			buildSettings = {
				ALWAYS_SEARCH_USER_PATHS = NO;
				CLANG_CXX_LANGUAGE_STANDARD = "gnu++0x";
				CLANG_CXX_LIBRARY = "libc++";
				CLANG_ENABLE_MODULES = YES;
				CLANG_ENABLE_OBJC_ARC = YES;
				CLANG_WARN_BOOL_CONVERSION = YES;
				CLANG_WARN_CONSTANT_CONVERSION = YES;
				CLANG_WARN_DIRECT_OBJC_ISA_USAGE = YES_ERROR;
				CLANG_WARN_EMPTY_BODY = YES;
				CLANG_WARN_ENUM_CONVERSION = YES;
				CLANG_WARN_INT_CONVERSION = YES;
				CLANG_WARN_OBJC_ROOT_CLASS = YES_ERROR;
				CLANG_WARN_UNREACHABLE_CODE = YES;
				CLANG_WARN__DUPLICATE_METHOD_MATCH = YES;
				"CODE_SIGN_IDENTITY[sdk=iphoneos*]" = "iPhone Developer";
				COPY_PHASE_STRIP = NO;
				DEBUG_INFORMATION_FORMAT = "dwarf-with-dsym";
				ENABLE_NS_ASSERTIONS = NO;
				ENABLE_STRICT_OBJC_MSGSEND = YES;
				GCC_C_LANGUAGE_STANDARD = gnu99;
				GCC_NO_COMMON_BLOCKS = YES;
				GCC_WARN_64_TO_32_BIT_CONVERSION = YES;
				GCC_WARN_ABOUT_RETURN_TYPE = YES_ERROR;
				GCC_WARN_UNDECLARED_SELECTOR = YES;
				GCC_WARN_UNINITIALIZED_AUTOS = YES_AGGRESSIVE;
				GCC_WARN_UNUSED_FUNCTION = YES;
				GCC_WARN_UNUSED_VARIABLE = YES;
				IPHONEOS_DEPLOYMENT_TARGET = 9.0;
				MTL_ENABLE_DEBUG_INFO = NO;
				SDKROOT = iphoneos;
				VALIDATE_PRODUCT = YES;
			};
			name = Release;
		};
		7806C4391BB943D200369AA5 /* Debug */ = {
			isa = XCBuildConfiguration;
			buildSettings = {
				ASSETCATALOG_COMPILER_APPICON_NAME = AppIcon;
				INFOPLIST_FILE = trial9/Info.plist;
				LD_RUNPATH_SEARCH_PATHS = "$(inherited) @executable_path/Frameworks";
				PRODUCT_BUNDLE_IDENTIFIER = com.asjdev.trial9;
				PRODUCT_NAME = "$(TARGET_NAME)";
			};
			name = Debug;
		};
		7806C43A1BB943D200369AA5 /* Release */ = {
			isa = XCBuildConfiguration;
			buildSettings = {
				ASSETCATALOG_COMPILER_APPICON_NAME = AppIcon;
				INFOPLIST_FILE = trial9/Info.plist;
				LD_RUNPATH_SEARCH_PATHS = "$(inherited) @executable_path/Frameworks";
				PRODUCT_BUNDLE_IDENTIFIER = com.asjdev.trial9;
				PRODUCT_NAME = "$(TARGET_NAME)";
			};
			name = Release;
		};
		7806C43C1BB943D200369AA5 /* Debug */ = {
			isa = XCBuildConfiguration;
			buildSettings = {
				BUNDLE_LOADER = "$(TEST_HOST)";
				INFOPLIST_FILE = trial9Tests/Info.plist;
				LD_RUNPATH_SEARCH_PATHS = "$(inherited) @executable_path/Frameworks @loader_path/Frameworks";
				PRODUCT_BUNDLE_IDENTIFIER = com.asjdev.trial9Tests;
				PRODUCT_NAME = "$(TARGET_NAME)";
				TEST_HOST = "$(BUILT_PRODUCTS_DIR)/trial9.app/trial9";
			};
			name = Debug;
		};
		7806C43D1BB943D200369AA5 /* Release */ = {
			isa = XCBuildConfiguration;
			buildSettings = {
				BUNDLE_LOADER = "$(TEST_HOST)";
				INFOPLIST_FILE = trial9Tests/Info.plist;
				LD_RUNPATH_SEARCH_PATHS = "$(inherited) @executable_path/Frameworks @loader_path/Frameworks";
				PRODUCT_BUNDLE_IDENTIFIER = com.asjdev.trial9Tests;
				PRODUCT_NAME = "$(TARGET_NAME)";
				TEST_HOST = "$(BUILT_PRODUCTS_DIR)/trial9.app/trial9";
			};
			name = Release;
		};
		7806C43F1BB943D200369AA5 /* Debug */ = {
			isa = XCBuildConfiguration;
			buildSettings = {
				INFOPLIST_FILE = trial9UITests/Info.plist;
				LD_RUNPATH_SEARCH_PATHS = "$(inherited) @executable_path/Frameworks @loader_path/Frameworks";
				PRODUCT_BUNDLE_IDENTIFIER = com.asjdev.trial9UITests;
				PRODUCT_NAME = "$(TARGET_NAME)";
				TEST_TARGET_NAME = trial9;
				USES_XCTRUNNER = YES;
			};
			name = Debug;
		};
		7806C4401BB943D200369AA5 /* Release */ = {
			isa = XCBuildConfiguration;
			buildSettings = {
				INFOPLIST_FILE = trial9UITests/Info.plist;
				LD_RUNPATH_SEARCH_PATHS = "$(inherited) @executable_path/Frameworks @loader_path/Frameworks";
				PRODUCT_BUNDLE_IDENTIFIER = com.asjdev.trial9UITests;
				PRODUCT_NAME = "$(TARGET_NAME)";
				TEST_TARGET_NAME = trial9;
				USES_XCTRUNNER = YES;
			};
			name = Release;
		};
/* End XCBuildConfiguration section */

/* Begin XCConfigurationList section */
		7806C4081BB943D100369AA5 /* Build configuration list for PBXProject "trial9" */ = {
			isa = XCConfigurationList;
			buildConfigurations = (
				7806C4361BB943D200369AA5 /* Debug */,
				7806C4371BB943D200369AA5 /* Release */,
			);
			defaultConfigurationIsVisible = 0;
			defaultConfigurationName = Release;
		};
		7806C4381BB943D200369AA5 /* Build configuration list for PBXNativeTarget "trial9" */ = {
			isa = XCConfigurationList;
			buildConfigurations = (
				7806C4391BB943D200369AA5 /* Debug */,
				7806C43A1BB943D200369AA5 /* Release */,
			);
			defaultConfigurationIsVisible = 0;
		};
		7806C43B1BB943D200369AA5 /* Build configuration list for PBXNativeTarget "trial9Tests" */ = {
			isa = XCConfigurationList;
			buildConfigurations = (
				7806C43C1BB943D200369AA5 /* Debug */,
				7806C43D1BB943D200369AA5 /* Release */,
			);
			defaultConfigurationIsVisible = 0;
		};
		7806C43E1BB943D200369AA5 /* Build configuration list for PBXNativeTarget "trial9UITests" */ = {
			isa = XCConfigurationList;
			buildConfigurations = (
				7806C43F1BB943D200369AA5 /* Debug */,
				7806C4401BB943D200369AA5 /* Release */,
			);
			defaultConfigurationIsVisible = 0;
		};
/* End XCConfigurationList section */

/* Begin XCVersionGroup section */
		7806C4171BB943D100369AA5 /* trial9.xcdatamodeld */ = {
			isa = XCVersionGroup;
			children = (
				7806C4181BB943D100369AA5 /* trial9.xcdatamodel */,
			);
			currentVersion = 7806C4181BB943D100369AA5 /* trial9.xcdatamodel */;
			path = trial9.xcdatamodeld;
			sourceTree = "<group>";
			versionGroupType = wrapper.xcdatamodel;
		};
/* End XCVersionGroup section */
	};
	rootObject = 7806C4051BB943D100369AA5 /* Project object */;
}
